{
  "pins" : [
    {
      "identity" : "openaikit",
      "kind" : "remoteSourceControl",
      "location" : "https://github.com/MarcoDotIO/OpenAIKit",
      "state" : {
        "branch" : "main",
        "revision" : "ff0e139011af22c59340527466cf39b7c0aa74ad"
      }
    },
    {
      "identity" : "openaiswift",
      "kind" : "remoteSourceControl",
      "location" : "https://github.com/adamrushy/OpenAISwift",
      "state" : {
        "branch" : "main",
        "revision" : "048af0e9a4163871c814fc22d094c70354ad3cf7"
      }
    }
  ],
  "version" : 2
}
