// !$*UTF8*$!
{
	archiveVersion = 1;
	classes = {
	};
	objectVersion = 56;
	objects = {

/* Begin PBXBuildFile section */
		AA0982A12AE34091F8CA228E /* Pods_bot_teacher.framework in Frameworks */ = {isa = PBXBuildFile; fileRef = FFD238D09A312435EE95C246 /* Pods_bot_teacher.framework */; };
		EC115BEA29BB495B001B08DA /* RecordingControlViewModel.swift in Sources */ = {isa = PBXBuildFile; fileRef = EC115BE929BB495B001B08DA /* RecordingControlViewModel.swift */; };
		EC115BEC29BD7CB5001B08DA /* AzureService.swift in Sources */ = {isa = PBXBuildFile; fileRef = EC115BEB29BD7CB5001B08DA /* AzureService.swift */; };
		EC115C0229BEEA8C001B08DA /* AppleIdLoginViewController.swift in Sources */ = {isa = PBXBuildFile; fileRef = EC115C0129BEEA8C001B08DA /* AppleIdLoginViewController.swift */; };
		EC115C0429BEEAD8001B08DA /* AppleIdResultViewController.swift in Sources */ = {isa = PBXBuildFile; fileRef = EC115C0329BEEAD8001B08DA /* AppleIdResultViewController.swift */; };
		EC115C0629BEEB1A001B08DA /* KeyChainItem.swift in Sources */ = {isa = PBXBuildFile; fileRef = EC115C0529BEEB1A001B08DA /* KeyChainItem.swift */; };
		EC115C0B29C1D93C001B08DA /* TeacherListView.swift in Sources */ = {isa = PBXBuildFile; fileRef = EC115C0A29C1D93C001B08DA /* TeacherListView.swift */; };
		EC115C0D29C1DAD2001B08DA /* EnvironmentValues.swift in Sources */ = {isa = PBXBuildFile; fileRef = EC115C0C29C1DAD2001B08DA /* EnvironmentValues.swift */; };
		ECA98CBA29B37248008DDFED /* AppDelegate.swift in Sources */ = {isa = PBXBuildFile; fileRef = ECA98CB929B37248008DDFED /* AppDelegate.swift */; };
		ECA98CBC29B37248008DDFED /* SceneDelegate.swift in Sources */ = {isa = PBXBuildFile; fileRef = ECA98CBB29B37248008DDFED /* SceneDelegate.swift */; };
		ECA98CC129B37248008DDFED /* Main.storyboard in Resources */ = {isa = PBXBuildFile; fileRef = ECA98CBF29B37248008DDFED /* Main.storyboard */; };
		ECA98CC329B37249008DDFED /* Assets.xcassets in Resources */ = {isa = PBXBuildFile; fileRef = ECA98CC229B37249008DDFED /* Assets.xcassets */; };
		ECA98CC629B37249008DDFED /* LaunchScreen.storyboard in Resources */ = {isa = PBXBuildFile; fileRef = ECA98CC429B37249008DDFED /* LaunchScreen.storyboard */; };
		ECA98CD129B37249008DDFED /* bot_teacherTests.swift in Sources */ = {isa = PBXBuildFile; fileRef = ECA98CD029B37249008DDFED /* bot_teacherTests.swift */; };
		ECA98CDB29B37249008DDFED /* bot_teacherUITests.swift in Sources */ = {isa = PBXBuildFile; fileRef = ECA98CDA29B37249008DDFED /* bot_teacherUITests.swift */; };
		ECA98CDD29B37249008DDFED /* bot_teacherUITestsLaunchTests.swift in Sources */ = {isa = PBXBuildFile; fileRef = ECA98CDC29B37249008DDFED /* bot_teacherUITestsLaunchTests.swift */; };
		ECA98CEE29B392FF008DDFED /* Teacher.swift in Sources */ = {isa = PBXBuildFile; fileRef = ECA98CED29B392FF008DDFED /* Teacher.swift */; };
		ECA98CF329B3953F008DDFED /* TeacherCardsViewController.swift in Sources */ = {isa = PBXBuildFile; fileRef = ECA98CF229B3953F008DDFED /* TeacherCardsViewController.swift */; };
		ECA98CF629B3A3EE008DDFED /* CardsTableViewCell.swift in Sources */ = {isa = PBXBuildFile; fileRef = ECA98CF529B3A3EE008DDFED /* CardsTableViewCell.swift */; };
		ECEA37E429B4E53800A069C8 /* LogInViewController.swift in Sources */ = {isa = PBXBuildFile; fileRef = ECEA37E329B4E53800A069C8 /* LogInViewController.swift */; };
		ECEA37E629B4EE9500A069C8 /* ChatViewController.swift in Sources */ = {isa = PBXBuildFile; fileRef = ECEA37E529B4EE9500A069C8 /* ChatViewController.swift */; };
		ECEA37EC29B5138000A069C8 /* APICaller.swift in Sources */ = {isa = PBXBuildFile; fileRef = ECEA37EB29B5138000A069C8 /* APICaller.swift */; };
		ECEA37FE29B60FFA00A069C8 /* MessageModel.swift in Sources */ = {isa = PBXBuildFile; fileRef = ECEA37FD29B60FFA00A069C8 /* MessageModel.swift */; };
		ECEA380029B619E100A069C8 /* ChatView.swift in Sources */ = {isa = PBXBuildFile; fileRef = ECEA37FF29B619E100A069C8 /* ChatView.swift */; };
		ECEA380229B61A8300A069C8 /* BotResponse.swift in Sources */ = {isa = PBXBuildFile; fileRef = ECEA380129B61A8300A069C8 /* BotResponse.swift */; };
		ECEA380429B74F5400A069C8 /* MessageCellView.swift in Sources */ = {isa = PBXBuildFile; fileRef = ECEA380329B74F5400A069C8 /* MessageCellView.swift */; };
		ECEA381329B7702300A069C8 /* SpeechRecognizer.swift in Sources */ = {isa = PBXBuildFile; fileRef = ECEA380B29B7702300A069C8 /* SpeechRecognizer.swift */; };
/* End PBXBuildFile section */

/* Begin PBXContainerItemProxy section */
		ECA98CCD29B37249008DDFED /* PBXContainerItemProxy */ = {
			isa = PBXContainerItemProxy;
			containerPortal = ECA98CAE29B37248008DDFED /* Project object */;
			proxyType = 1;
			remoteGlobalIDString = ECA98CB529B37248008DDFED;
			remoteInfo = bot_teacher;
		};
		ECA98CD729B37249008DDFED /* PBXContainerItemProxy */ = {
			isa = PBXContainerItemProxy;
			containerPortal = ECA98CAE29B37248008DDFED /* Project object */;
			proxyType = 1;
			remoteGlobalIDString = ECA98CB529B37248008DDFED;
			remoteInfo = bot_teacher;
		};
/* End PBXContainerItemProxy section */

/* Begin PBXFileReference section */
		57776F79A06EB4F3F4DDD6F0 /* Pods-bot_teacher.debug.xcconfig */ = {isa = PBXFileReference; includeInIndex = 1; lastKnownFileType = text.xcconfig; name = "Pods-bot_teacher.debug.xcconfig"; path = "Target Support Files/Pods-bot_teacher/Pods-bot_teacher.debug.xcconfig"; sourceTree = "<group>"; };
		9D82BB9135BFECF85582103D /* Pods-bot_teacher.release.xcconfig */ = {isa = PBXFileReference; includeInIndex = 1; lastKnownFileType = text.xcconfig; name = "Pods-bot_teacher.release.xcconfig"; path = "Target Support Files/Pods-bot_teacher/Pods-bot_teacher.release.xcconfig"; sourceTree = "<group>"; };
		EC115BE929BB495B001B08DA /* RecordingControlViewModel.swift */ = {isa = PBXFileReference; lastKnownFileType = sourcecode.swift; path = RecordingControlViewModel.swift; sourceTree = "<group>"; };
		EC115BEB29BD7CB5001B08DA /* AzureService.swift */ = {isa = PBXFileReference; lastKnownFileType = sourcecode.swift; path = AzureService.swift; sourceTree = "<group>"; };
		EC115C0129BEEA8C001B08DA /* AppleIdLoginViewController.swift */ = {isa = PBXFileReference; lastKnownFileType = sourcecode.swift; path = AppleIdLoginViewController.swift; sourceTree = "<group>"; };
		EC115C0329BEEAD8001B08DA /* AppleIdResultViewController.swift */ = {isa = PBXFileReference; lastKnownFileType = sourcecode.swift; path = AppleIdResultViewController.swift; sourceTree = "<group>"; };
		EC115C0529BEEB1A001B08DA /* KeyChainItem.swift */ = {isa = PBXFileReference; lastKnownFileType = sourcecode.swift; path = KeyChainItem.swift; sourceTree = "<group>"; };
		EC115C0729C0D64B001B08DA /* bot_teacher.entitlements */ = {isa = PBXFileReference; lastKnownFileType = text.plist.entitlements; path = bot_teacher.entitlements; sourceTree = "<group>"; };
		EC115C0A29C1D93C001B08DA /* TeacherListView.swift */ = {isa = PBXFileReference; lastKnownFileType = sourcecode.swift; path = TeacherListView.swift; sourceTree = "<group>"; };
		EC115C0C29C1DAD2001B08DA /* EnvironmentValues.swift */ = {isa = PBXFileReference; lastKnownFileType = sourcecode.swift; path = EnvironmentValues.swift; sourceTree = "<group>"; };
		ECA98CB629B37248008DDFED /* bot_teacher.app */ = {isa = PBXFileReference; explicitFileType = wrapper.application; includeInIndex = 0; path = bot_teacher.app; sourceTree = BUILT_PRODUCTS_DIR; };
		ECA98CB929B37248008DDFED /* AppDelegate.swift */ = {isa = PBXFileReference; lastKnownFileType = sourcecode.swift; path = AppDelegate.swift; sourceTree = "<group>"; };
		ECA98CBB29B37248008DDFED /* SceneDelegate.swift */ = {isa = PBXFileReference; lastKnownFileType = sourcecode.swift; path = SceneDelegate.swift; sourceTree = "<group>"; };
		ECA98CC029B37248008DDFED /* Base */ = {isa = PBXFileReference; lastKnownFileType = file.storyboard; name = Base; path = Base.lproj/Main.storyboard; sourceTree = "<group>"; };
		ECA98CC229B37249008DDFED /* Assets.xcassets */ = {isa = PBXFileReference; lastKnownFileType = folder.assetcatalog; path = Assets.xcassets; sourceTree = "<group>"; };
		ECA98CC529B37249008DDFED /* Base */ = {isa = PBXFileReference; lastKnownFileType = file.storyboard; name = Base; path = Base.lproj/LaunchScreen.storyboard; sourceTree = "<group>"; };
		ECA98CC729B37249008DDFED /* Info.plist */ = {isa = PBXFileReference; lastKnownFileType = text.plist.xml; path = Info.plist; sourceTree = "<group>"; };
		ECA98CCC29B37249008DDFED /* bot_teacherTests.xctest */ = {isa = PBXFileReference; explicitFileType = wrapper.cfbundle; includeInIndex = 0; path = bot_teacherTests.xctest; sourceTree = BUILT_PRODUCTS_DIR; };
		ECA98CD029B37249008DDFED /* bot_teacherTests.swift */ = {isa = PBXFileReference; lastKnownFileType = sourcecode.swift; path = bot_teacherTests.swift; sourceTree = "<group>"; };
		ECA98CD629B37249008DDFED /* bot_teacherUITests.xctest */ = {isa = PBXFileReference; explicitFileType = wrapper.cfbundle; includeInIndex = 0; path = bot_teacherUITests.xctest; sourceTree = BUILT_PRODUCTS_DIR; };
		ECA98CDA29B37249008DDFED /* bot_teacherUITests.swift */ = {isa = PBXFileReference; lastKnownFileType = sourcecode.swift; path = bot_teacherUITests.swift; sourceTree = "<group>"; };
		ECA98CDC29B37249008DDFED /* bot_teacherUITestsLaunchTests.swift */ = {isa = PBXFileReference; lastKnownFileType = sourcecode.swift; path = bot_teacherUITestsLaunchTests.swift; sourceTree = "<group>"; };
		ECA98CED29B392FF008DDFED /* Teacher.swift */ = {isa = PBXFileReference; lastKnownFileType = sourcecode.swift; path = Teacher.swift; sourceTree = "<group>"; };
		ECA98CF229B3953F008DDFED /* TeacherCardsViewController.swift */ = {isa = PBXFileReference; lastKnownFileType = sourcecode.swift; path = TeacherCardsViewController.swift; sourceTree = "<group>"; };
		ECA98CF529B3A3EE008DDFED /* CardsTableViewCell.swift */ = {isa = PBXFileReference; lastKnownFileType = sourcecode.swift; path = CardsTableViewCell.swift; sourceTree = "<group>"; };
		ECEA37E329B4E53800A069C8 /* LogInViewController.swift */ = {isa = PBXFileReference; lastKnownFileType = sourcecode.swift; path = LogInViewController.swift; sourceTree = "<group>"; };
		ECEA37E529B4EE9500A069C8 /* ChatViewController.swift */ = {isa = PBXFileReference; lastKnownFileType = sourcecode.swift; path = ChatViewController.swift; sourceTree = "<group>"; };
		ECEA37EB29B5138000A069C8 /* APICaller.swift */ = {isa = PBXFileReference; lastKnownFileType = sourcecode.swift; path = APICaller.swift; sourceTree = "<group>"; };
		ECEA37FD29B60FFA00A069C8 /* MessageModel.swift */ = {isa = PBXFileReference; lastKnownFileType = sourcecode.swift; path = MessageModel.swift; sourceTree = "<group>"; };
		ECEA37FF29B619E100A069C8 /* ChatView.swift */ = {isa = PBXFileReference; lastKnownFileType = sourcecode.swift; path = ChatView.swift; sourceTree = "<group>"; };
		ECEA380129B61A8300A069C8 /* BotResponse.swift */ = {isa = PBXFileReference; lastKnownFileType = sourcecode.swift; path = BotResponse.swift; sourceTree = "<group>"; };
		ECEA380329B74F5400A069C8 /* MessageCellView.swift */ = {isa = PBXFileReference; lastKnownFileType = sourcecode.swift; path = MessageCellView.swift; sourceTree = "<group>"; };
		ECEA380B29B7702300A069C8 /* SpeechRecognizer.swift */ = {isa = PBXFileReference; fileEncoding = 4; lastKnownFileType = sourcecode.swift; path = SpeechRecognizer.swift; sourceTree = "<group>"; };
		ECEA381A29B77AA000A069C8 /* bot-teacherTests-Info.plist */ = {isa = PBXFileReference; lastKnownFileType = text.plist; path = "bot-teacherTests-Info.plist"; sourceTree = SOURCE_ROOT; };
		FFD238D09A312435EE95C246 /* Pods_bot_teacher.framework */ = {isa = PBXFileReference; explicitFileType = wrapper.framework; includeInIndex = 0; path = Pods_bot_teacher.framework; sourceTree = BUILT_PRODUCTS_DIR; };
/* End PBXFileReference section */

/* Begin PBXFrameworksBuildPhase section */
		ECA98CB329B37248008DDFED /* Frameworks */ = {
			isa = PBXFrameworksBuildPhase;
			buildActionMask = 2147483647;
			files = (
				AA0982A12AE34091F8CA228E /* Pods_bot_teacher.framework in Frameworks */,
			);
			runOnlyForDeploymentPostprocessing = 0;
		};
		ECA98CC929B37249008DDFED /* Frameworks */ = {
			isa = PBXFrameworksBuildPhase;
			buildActionMask = 2147483647;
			files = (
			);
			runOnlyForDeploymentPostprocessing = 0;
		};
		ECA98CD329B37249008DDFED /* Frameworks */ = {
			isa = PBXFrameworksBuildPhase;
			buildActionMask = 2147483647;
			files = (
			);
			runOnlyForDeploymentPostprocessing = 0;
		};
/* End PBXFrameworksBuildPhase section */

/* Begin PBXGroup section */
		8EEB37D34B53EFF6215CA01A /* Frameworks */ = {
			isa = PBXGroup;
			children = (
				FFD238D09A312435EE95C246 /* Pods_bot_teacher.framework */,
			);
			name = Frameworks;
			sourceTree = "<group>";
		};
		E0F22F4FE82269F9760482A9 /* Pods */ = {
			isa = PBXGroup;
			children = (
				57776F79A06EB4F3F4DDD6F0 /* Pods-bot_teacher.debug.xcconfig */,
				9D82BB9135BFECF85582103D /* Pods-bot_teacher.release.xcconfig */,
			);
			path = Pods;
			sourceTree = "<group>";
		};
		EC115C0029BEE1FB001B08DA /* Utils */ = {
			isa = PBXGroup;
			children = (
				ECEA380B29B7702300A069C8 /* SpeechRecognizer.swift */,
				EC115C0529BEEB1A001B08DA /* KeyChainItem.swift */,
				EC115C0C29C1DAD2001B08DA /* EnvironmentValues.swift */,
			);
			path = Utils;
			sourceTree = "<group>";
		};
		ECA98CAD29B37248008DDFED = {
			isa = PBXGroup;
			children = (
				ECA98CB829B37248008DDFED /* bot_teacher */,
				ECA98CCF29B37249008DDFED /* bot_teacherTests */,
				ECA98CD929B37249008DDFED /* bot_teacherUITests */,
				ECA98CB729B37248008DDFED /* Products */,
				E0F22F4FE82269F9760482A9 /* Pods */,
				8EEB37D34B53EFF6215CA01A /* Frameworks */,
			);
			sourceTree = "<group>";
		};
		ECA98CB729B37248008DDFED /* Products */ = {
			isa = PBXGroup;
			children = (
				ECA98CB629B37248008DDFED /* bot_teacher.app */,
				ECA98CCC29B37249008DDFED /* bot_teacherTests.xctest */,
				ECA98CD629B37249008DDFED /* bot_teacherUITests.xctest */,
			);
			name = Products;
			sourceTree = "<group>";
		};
		ECA98CB829B37248008DDFED /* bot_teacher */ = {
			isa = PBXGroup;
			children = (
				EC115C0729C0D64B001B08DA /* bot_teacher.entitlements */,
				EC115C0029BEE1FB001B08DA /* Utils */,
				ECEA37EA29B5136900A069C8 /* ChatGPTService */,
				ECA98CF429B3A3A9008DDFED /* Views */,
				ECA98CEF29B394D5008DDFED /* ViewControllers */,
				ECA98CEC29B3927E008DDFED /* Model */,
				ECA98CB929B37248008DDFED /* AppDelegate.swift */,
				ECA98CBB29B37248008DDFED /* SceneDelegate.swift */,
				ECA98CBF29B37248008DDFED /* Main.storyboard */,
				ECA98CC229B37249008DDFED /* Assets.xcassets */,
				ECA98CC429B37249008DDFED /* LaunchScreen.storyboard */,
				ECA98CC729B37249008DDFED /* Info.plist */,
			);
			path = bot_teacher;
			sourceTree = "<group>";
		};
		ECA98CCF29B37249008DDFED /* bot_teacherTests */ = {
			isa = PBXGroup;
			children = (
				ECEA381A29B77AA000A069C8 /* bot-teacherTests-Info.plist */,
				ECA98CD029B37249008DDFED /* bot_teacherTests.swift */,
			);
			path = bot_teacherTests;
			sourceTree = "<group>";
		};
		ECA98CD929B37249008DDFED /* bot_teacherUITests */ = {
			isa = PBXGroup;
			children = (
				ECA98CDA29B37249008DDFED /* bot_teacherUITests.swift */,
				ECA98CDC29B37249008DDFED /* bot_teacherUITestsLaunchTests.swift */,
			);
			path = bot_teacherUITests;
			sourceTree = "<group>";
		};
		ECA98CEC29B3927E008DDFED /* Model */ = {
			isa = PBXGroup;
			children = (
				ECA98CED29B392FF008DDFED /* Teacher.swift */,
				ECEA37FD29B60FFA00A069C8 /* MessageModel.swift */,
				EC115BE929BB495B001B08DA /* RecordingControlViewModel.swift */,
			);
			path = Model;
			sourceTree = "<group>";
		};
		ECA98CEF29B394D5008DDFED /* ViewControllers */ = {
			isa = PBXGroup;
			children = (
				ECA98CF229B3953F008DDFED /* TeacherCardsViewController.swift */,
				ECEA37E329B4E53800A069C8 /* LogInViewController.swift */,
				ECEA37E529B4EE9500A069C8 /* ChatViewController.swift */,
				EC115C0129BEEA8C001B08DA /* AppleIdLoginViewController.swift */,
				EC115C0329BEEAD8001B08DA /* AppleIdResultViewController.swift */,
			);
			path = ViewControllers;
			sourceTree = "<group>";
		};
		ECA98CF429B3A3A9008DDFED /* Views */ = {
			isa = PBXGroup;
			children = (
				ECEA380329B74F5400A069C8 /* MessageCellView.swift */,
				ECA98CF529B3A3EE008DDFED /* CardsTableViewCell.swift */,
				ECEA37FF29B619E100A069C8 /* ChatView.swift */,
				EC115C0A29C1D93C001B08DA /* TeacherListView.swift */,
			);
			path = Views;
			sourceTree = "<group>";
		};
		ECEA37EA29B5136900A069C8 /* ChatGPTService */ = {
			isa = PBXGroup;
			children = (
				ECEA37EB29B5138000A069C8 /* APICaller.swift */,
				ECEA380129B61A8300A069C8 /* BotResponse.swift */,
				EC115BEB29BD7CB5001B08DA /* AzureService.swift */,
			);
			path = ChatGPTService;
			sourceTree = "<group>";
		};
/* End PBXGroup section */

/* Begin PBXNativeTarget section */
		ECA98CB529B37248008DDFED /* bot_teacher */ = {
			isa = PBXNativeTarget;
			buildConfigurationList = ECA98CE029B37249008DDFED /* Build configuration list for PBXNativeTarget "bot_teacher" */;
			buildPhases = (
				56C0A97174582D5D34ED3CE5 /* [CP] Check Pods Manifest.lock */,
				ECA98CB229B37248008DDFED /* Sources */,
				ECA98CB329B37248008DDFED /* Frameworks */,
				ECA98CB429B37248008DDFED /* Resources */,
				062C36D010A070C7829454BF /* [CP] Embed Pods Frameworks */,
			);
			buildRules = (
			);
			dependencies = (
			);
			name = bot_teacher;
			packageProductDependencies = (
			);
			productName = bot_teacher;
			productReference = ECA98CB629B37248008DDFED /* bot_teacher.app */;
			productType = "com.apple.product-type.application";
		};
		ECA98CCB29B37249008DDFED /* bot_teacherTests */ = {
			isa = PBXNativeTarget;
			buildConfigurationList = ECA98CE329B37249008DDFED /* Build configuration list for PBXNativeTarget "bot_teacherTests" */;
			buildPhases = (
				ECA98CC829B37249008DDFED /* Sources */,
				ECA98CC929B37249008DDFED /* Frameworks */,
				ECA98CCA29B37249008DDFED /* Resources */,
			);
			buildRules = (
			);
			dependencies = (
				ECA98CCE29B37249008DDFED /* PBXTargetDependency */,
			);
			name = bot_teacherTests;
			productName = bot_teacherTests;
			productReference = ECA98CCC29B37249008DDFED /* bot_teacherTests.xctest */;
			productType = "com.apple.product-type.bundle.unit-test";
		};
		ECA98CD529B37249008DDFED /* bot_teacherUITests */ = {
			isa = PBXNativeTarget;
			buildConfigurationList = ECA98CE629B37249008DDFED /* Build configuration list for PBXNativeTarget "bot_teacherUITests" */;
			buildPhases = (
				ECA98CD229B37249008DDFED /* Sources */,
				ECA98CD329B37249008DDFED /* Frameworks */,
				ECA98CD429B37249008DDFED /* Resources */,
			);
			buildRules = (
			);
			dependencies = (
				ECA98CD829B37249008DDFED /* PBXTargetDependency */,
			);
			name = bot_teacherUITests;
			productName = bot_teacherUITests;
			productReference = ECA98CD629B37249008DDFED /* bot_teacherUITests.xctest */;
			productType = "com.apple.product-type.bundle.ui-testing";
		};
/* End PBXNativeTarget section */

/* Begin PBXProject section */
		ECA98CAE29B37248008DDFED /* Project object */ = {
			isa = PBXProject;
			attributes = {
				BuildIndependentTargetsInParallel = 1;
				LastSwiftUpdateCheck = 1420;
				LastUpgradeCheck = 1420;
				TargetAttributes = {
					ECA98CB529B37248008DDFED = {
						CreatedOnToolsVersion = 14.2;
					};
					ECA98CCB29B37249008DDFED = {
						CreatedOnToolsVersion = 14.2;
						TestTargetID = ECA98CB529B37248008DDFED;
					};
					ECA98CD529B37249008DDFED = {
						CreatedOnToolsVersion = 14.2;
						TestTargetID = ECA98CB529B37248008DDFED;
					};
				};
			};
			buildConfigurationList = ECA98CB129B37248008DDFED /* Build configuration list for PBXProject "bot_teacher" */;
			compatibilityVersion = "Xcode 14.0";
			developmentRegion = en;
			hasScannedForEncodings = 0;
			knownRegions = (
				en,
				Base,
			);
			mainGroup = ECA98CAD29B37248008DDFED;
			packageReferences = (
			);
			productRefGroup = ECA98CB729B37248008DDFED /* Products */;
			projectDirPath = "";
			projectRoot = "";
			targets = (
				ECA98CB529B37248008DDFED /* bot_teacher */,
				ECA98CCB29B37249008DDFED /* bot_teacherTests */,
				ECA98CD529B37249008DDFED /* bot_teacherUITests */,
			);
		};
/* End PBXProject section */

/* Begin PBXResourcesBuildPhase section */
		ECA98CB429B37248008DDFED /* Resources */ = {
			isa = PBXResourcesBuildPhase;
			buildActionMask = 2147483647;
			files = (
				ECA98CC629B37249008DDFED /* LaunchScreen.storyboard in Resources */,
				ECA98CC329B37249008DDFED /* Assets.xcassets in Resources */,
				ECA98CC129B37248008DDFED /* Main.storyboard in Resources */,
			);
			runOnlyForDeploymentPostprocessing = 0;
		};
		ECA98CCA29B37249008DDFED /* Resources */ = {
			isa = PBXResourcesBuildPhase;
			buildActionMask = 2147483647;
			files = (
			);
			runOnlyForDeploymentPostprocessing = 0;
		};
		ECA98CD429B37249008DDFED /* Resources */ = {
			isa = PBXResourcesBuildPhase;
			buildActionMask = 2147483647;
			files = (
			);
			runOnlyForDeploymentPostprocessing = 0;
		};
/* End PBXResourcesBuildPhase section */

/* Begin PBXShellScriptBuildPhase section */
		062C36D010A070C7829454BF /* [CP] Embed Pods Frameworks */ = {
			isa = PBXShellScriptBuildPhase;
			buildActionMask = 2147483647;
			files = (
			);
			inputFileListPaths = (
				"${PODS_ROOT}/Target Support Files/Pods-bot_teacher/Pods-bot_teacher-frameworks-${CONFIGURATION}-input-files.xcfilelist",
			);
			name = "[CP] Embed Pods Frameworks";
			outputFileListPaths = (
				"${PODS_ROOT}/Target Support Files/Pods-bot_teacher/Pods-bot_teacher-frameworks-${CONFIGURATION}-output-files.xcfilelist",
			);
			runOnlyForDeploymentPostprocessing = 0;
			shellPath = /bin/sh;
			shellScript = "\"${PODS_ROOT}/Target Support Files/Pods-bot_teacher/Pods-bot_teacher-frameworks.sh\"\n";
			showEnvVarsInLog = 0;
		};
		56C0A97174582D5D34ED3CE5 /* [CP] Check Pods Manifest.lock */ = {
			isa = PBXShellScriptBuildPhase;
			buildActionMask = 2147483647;
			files = (
			);
			inputFileListPaths = (
			);
			inputPaths = (
				"${PODS_PODFILE_DIR_PATH}/Podfile.lock",
				"${PODS_ROOT}/Manifest.lock",
			);
			name = "[CP] Check Pods Manifest.lock";
			outputFileListPaths = (
			);
			outputPaths = (
				"$(DERIVED_FILE_DIR)/Pods-bot_teacher-checkManifestLockResult.txt",
			);
			runOnlyForDeploymentPostprocessing = 0;
			shellPath = /bin/sh;
			shellScript = "diff \"${PODS_PODFILE_DIR_PATH}/Podfile.lock\" \"${PODS_ROOT}/Manifest.lock\" > /dev/null\nif [ $? != 0 ] ; then\n    # print error to STDERR\n    echo \"error: The sandbox is not in sync with the Podfile.lock. Run 'pod install' or update your CocoaPods installation.\" >&2\n    exit 1\nfi\n# This output is used by Xcode 'outputs' to avoid re-running this script phase.\necho \"SUCCESS\" > \"${SCRIPT_OUTPUT_FILE_0}\"\n";
			showEnvVarsInLog = 0;
		};
/* End PBXShellScriptBuildPhase section */

/* Begin PBXSourcesBuildPhase section */
		ECA98CB229B37248008DDFED /* Sources */ = {
			isa = PBXSourcesBuildPhase;
			buildActionMask = 2147483647;
			files = (
				EC115BEA29BB495B001B08DA /* RecordingControlViewModel.swift in Sources */,
				EC115BEC29BD7CB5001B08DA /* AzureService.swift in Sources */,
				ECA98CF329B3953F008DDFED /* TeacherCardsViewController.swift in Sources */,
				ECA98CF629B3A3EE008DDFED /* CardsTableViewCell.swift in Sources */,
				EC115C0229BEEA8C001B08DA /* AppleIdLoginViewController.swift in Sources */,
				ECEA37E429B4E53800A069C8 /* LogInViewController.swift in Sources */,
				EC115C0D29C1DAD2001B08DA /* EnvironmentValues.swift in Sources */,
				EC115C0B29C1D93C001B08DA /* TeacherListView.swift in Sources */,
				EC115C0629BEEB1A001B08DA /* KeyChainItem.swift in Sources */,
				ECEA381329B7702300A069C8 /* SpeechRecognizer.swift in Sources */,
				ECEA380029B619E100A069C8 /* ChatView.swift in Sources */,
				ECEA380229B61A8300A069C8 /* BotResponse.swift in Sources */,
				EC115C0429BEEAD8001B08DA /* AppleIdResultViewController.swift in Sources */,
				ECEA37E629B4EE9500A069C8 /* ChatViewController.swift in Sources */,
				ECA98CEE29B392FF008DDFED /* Teacher.swift in Sources */,
				ECEA37FE29B60FFA00A069C8 /* MessageModel.swift in Sources */,
				ECEA380429B74F5400A069C8 /* MessageCellView.swift in Sources */,
				ECA98CBA29B37248008DDFED /* AppDelegate.swift in Sources */,
				ECA98CBC29B37248008DDFED /* SceneDelegate.swift in Sources */,
				ECEA37EC29B5138000A069C8 /* APICaller.swift in Sources */,
			);
			runOnlyForDeploymentPostprocessing = 0;
		};
		ECA98CC829B37249008DDFED /* Sources */ = {
			isa = PBXSourcesBuildPhase;
			buildActionMask = 2147483647;
			files = (
				ECA98CD129B37249008DDFED /* bot_teacherTests.swift in Sources */,
			);
			runOnlyForDeploymentPostprocessing = 0;
		};
		ECA98CD229B37249008DDFED /* Sources */ = {
			isa = PBXSourcesBuildPhase;
			buildActionMask = 2147483647;
			files = (
				ECA98CDB29B37249008DDFED /* bot_teacherUITests.swift in Sources */,
				ECA98CDD29B37249008DDFED /* bot_teacherUITestsLaunchTests.swift in Sources */,
			);
			runOnlyForDeploymentPostprocessing = 0;
		};
/* End PBXSourcesBuildPhase section */

/* Begin PBXTargetDependency section */
		ECA98CCE29B37249008DDFED /* PBXTargetDependency */ = {
			isa = PBXTargetDependency;
			target = ECA98CB529B37248008DDFED /* bot_teacher */;
			targetProxy = ECA98CCD29B37249008DDFED /* PBXContainerItemProxy */;
		};
		ECA98CD829B37249008DDFED /* PBXTargetDependency */ = {
			isa = PBXTargetDependency;
			target = ECA98CB529B37248008DDFED /* bot_teacher */;
			targetProxy = ECA98CD729B37249008DDFED /* PBXContainerItemProxy */;
		};
/* End PBXTargetDependency section */

/* Begin PBXVariantGroup section */
		ECA98CBF29B37248008DDFED /* Main.storyboard */ = {
			isa = PBXVariantGroup;
			children = (
				ECA98CC029B37248008DDFED /* Base */,
			);
			name = Main.storyboard;
			sourceTree = "<group>";
		};
		ECA98CC429B37249008DDFED /* LaunchScreen.storyboard */ = {
			isa = PBXVariantGroup;
			children = (
				ECA98CC529B37249008DDFED /* Base */,
			);
			name = LaunchScreen.storyboard;
			sourceTree = "<group>";
		};
/* End PBXVariantGroup section */

/* Begin XCBuildConfiguration section */
		ECA98CDE29B37249008DDFED /* Debug */ = {
			isa = XCBuildConfiguration;
			buildSettings = {
				ALWAYS_SEARCH_USER_PATHS = NO;
				CLANG_ANALYZER_NONNULL = YES;
				CLANG_ANALYZER_NUMBER_OBJECT_CONVERSION = YES_AGGRESSIVE;
				CLANG_CXX_LANGUAGE_STANDARD = "gnu++20";
				CLANG_ENABLE_MODULES = YES;
				CLANG_ENABLE_OBJC_ARC = YES;
				CLANG_ENABLE_OBJC_WEAK = YES;
				CLANG_WARN_BLOCK_CAPTURE_AUTORELEASING = YES;
				CLANG_WARN_BOOL_CONVERSION = YES;
				CLANG_WARN_COMMA = YES;
				CLANG_WARN_CONSTANT_CONVERSION = YES;
				CLANG_WARN_DEPRECATED_OBJC_IMPLEMENTATIONS = YES;
				CLANG_WARN_DIRECT_OBJC_ISA_USAGE = YES_ERROR;
				CLANG_WARN_DOCUMENTATION_COMMENTS = YES;
				CLANG_WARN_EMPTY_BODY = YES;
				CLANG_WARN_ENUM_CONVERSION = YES;
				CLANG_WARN_INFINITE_RECURSION = YES;
				CLANG_WARN_INT_CONVERSION = YES;
				CLANG_WARN_NON_LITERAL_NULL_CONVERSION = YES;
				CLANG_WARN_OBJC_IMPLICIT_RETAIN_SELF = YES;
				CLANG_WARN_OBJC_LITERAL_CONVERSION = YES;
				CLANG_WARN_OBJC_ROOT_CLASS = YES_ERROR;
				CLANG_WARN_QUOTED_INCLUDE_IN_FRAMEWORK_HEADER = YES;
				CLANG_WARN_RANGE_LOOP_ANALYSIS = YES;
				CLANG_WARN_STRICT_PROTOTYPES = YES;
				CLANG_WARN_SUSPICIOUS_MOVE = YES;
				CLANG_WARN_UNGUARDED_AVAILABILITY = YES_AGGRESSIVE;
				CLANG_WARN_UNREACHABLE_CODE = YES;
				CLANG_WARN__DUPLICATE_METHOD_MATCH = YES;
				COPY_PHASE_STRIP = NO;
				DEBUG_INFORMATION_FORMAT = dwarf;
				ENABLE_STRICT_OBJC_MSGSEND = YES;
				ENABLE_TESTABILITY = YES;
				GCC_C_LANGUAGE_STANDARD = gnu11;
				GCC_DYNAMIC_NO_PIC = NO;
				GCC_NO_COMMON_BLOCKS = YES;
				GCC_OPTIMIZATION_LEVEL = 0;
				GCC_PREPROCESSOR_DEFINITIONS = (
					"DEBUG=1",
					"$(inherited)",
				);
				GCC_WARN_64_TO_32_BIT_CONVERSION = YES;
				GCC_WARN_ABOUT_RETURN_TYPE = YES_ERROR;
				GCC_WARN_UNDECLARED_SELECTOR = YES;
				GCC_WARN_UNINITIALIZED_AUTOS = YES_AGGRESSIVE;
				GCC_WARN_UNUSED_FUNCTION = YES;
				GCC_WARN_UNUSED_VARIABLE = YES;
				IPHONEOS_DEPLOYMENT_TARGET = 16.0;
				MTL_ENABLE_DEBUG_INFO = INCLUDE_SOURCE;
				MTL_FAST_MATH = YES;
				ONLY_ACTIVE_ARCH = YES;
				SDKROOT = iphoneos;
				SWIFT_ACTIVE_COMPILATION_CONDITIONS = DEBUG;
				SWIFT_OPTIMIZATION_LEVEL = "-Onone";
			};
			name = Debug;
		};
		ECA98CDF29B37249008DDFED /* Release */ = {
			isa = XCBuildConfiguration;
			buildSettings = {
				ALWAYS_SEARCH_USER_PATHS = NO;
				CLANG_ANALYZER_NONNULL = YES;
				CLANG_ANALYZER_NUMBER_OBJECT_CONVERSION = YES_AGGRESSIVE;
				CLANG_CXX_LANGUAGE_STANDARD = "gnu++20";
				CLANG_ENABLE_MODULES = YES;
				CLANG_ENABLE_OBJC_ARC = YES;
				CLANG_ENABLE_OBJC_WEAK = YES;
				CLANG_WARN_BLOCK_CAPTURE_AUTORELEASING = YES;
				CLANG_WARN_BOOL_CONVERSION = YES;
				CLANG_WARN_COMMA = YES;
				CLANG_WARN_CONSTANT_CONVERSION = YES;
				CLANG_WARN_DEPRECATED_OBJC_IMPLEMENTATIONS = YES;
				CLANG_WARN_DIRECT_OBJC_ISA_USAGE = YES_ERROR;
				CLANG_WARN_DOCUMENTATION_COMMENTS = YES;
				CLANG_WARN_EMPTY_BODY = YES;
				CLANG_WARN_ENUM_CONVERSION = YES;
				CLANG_WARN_INFINITE_RECURSION = YES;
				CLANG_WARN_INT_CONVERSION = YES;
				CLANG_WARN_NON_LITERAL_NULL_CONVERSION = YES;
				CLANG_WARN_OBJC_IMPLICIT_RETAIN_SELF = YES;
				CLANG_WARN_OBJC_LITERAL_CONVERSION = YES;
				CLANG_WARN_OBJC_ROOT_CLASS = YES_ERROR;
				CLANG_WARN_QUOTED_INCLUDE_IN_FRAMEWORK_HEADER = YES;
				CLANG_WARN_RANGE_LOOP_ANALYSIS = YES;
				CLANG_WARN_STRICT_PROTOTYPES = YES;
				CLANG_WARN_SUSPICIOUS_MOVE = YES;
				CLANG_WARN_UNGUARDED_AVAILABILITY = YES_AGGRESSIVE;
				CLANG_WARN_UNREACHABLE_CODE = YES;
				CLANG_WARN__DUPLICATE_METHOD_MATCH = YES;
				COPY_PHASE_STRIP = NO;
				DEBUG_INFORMATION_FORMAT = "dwarf-with-dsym";
				ENABLE_NS_ASSERTIONS = NO;
				ENABLE_STRICT_OBJC_MSGSEND = YES;
				GCC_C_LANGUAGE_STANDARD = gnu11;
				GCC_NO_COMMON_BLOCKS = YES;
				GCC_WARN_64_TO_32_BIT_CONVERSION = YES;
				GCC_WARN_ABOUT_RETURN_TYPE = YES_ERROR;
				GCC_WARN_UNDECLARED_SELECTOR = YES;
				GCC_WARN_UNINITIALIZED_AUTOS = YES_AGGRESSIVE;
				GCC_WARN_UNUSED_FUNCTION = YES;
				GCC_WARN_UNUSED_VARIABLE = YES;
				IPHONEOS_DEPLOYMENT_TARGET = 16.0;
				MTL_ENABLE_DEBUG_INFO = NO;
				MTL_FAST_MATH = YES;
				SDKROOT = iphoneos;
				SWIFT_COMPILATION_MODE = wholemodule;
				SWIFT_OPTIMIZATION_LEVEL = "-O";
				VALIDATE_PRODUCT = YES;
			};
			name = Release;
		};
		ECA98CE129B37249008DDFED /* Debug */ = {
			isa = XCBuildConfiguration;
			baseConfigurationReference = 57776F79A06EB4F3F4DDD6F0 /* Pods-bot_teacher.debug.xcconfig */;
			buildSettings = {
				ASSETCATALOG_COMPILER_APPICON_NAME = AppIcon;
				ASSETCATALOG_COMPILER_GLOBAL_ACCENT_COLOR_NAME = AccentColor;
				CODE_SIGN_ENTITLEMENTS = bot_teacher/bot_teacher.entitlements;
				CODE_SIGN_STYLE = Automatic;
				CURRENT_PROJECT_VERSION = 1;
				DEVELOPMENT_TEAM = 866D4KR59Z;
				GENERATE_INFOPLIST_FILE = YES;
				INFOPLIST_FILE = bot_teacher/Info.plist;
				INFOPLIST_KEY_NSMicrophoneUsageDescription = "Audio is recorded to transcribe the meeting. Audio recordings are discarded after transcription.";
				INFOPLIST_KEY_NSSpeechRecognitionUsageDescription = "You can view a text transcription of your meeting in the app.";
				INFOPLIST_KEY_UIApplicationSupportsIndirectInputEvents = YES;
				INFOPLIST_KEY_UILaunchStoryboardName = LaunchScreen;
				INFOPLIST_KEY_UIMainStoryboardFile = Main;
				INFOPLIST_KEY_UISupportedInterfaceOrientations_iPad = "UIInterfaceOrientationPortrait UIInterfaceOrientationPortraitUpsideDown UIInterfaceOrientationLandscapeLeft UIInterfaceOrientationLandscapeRight";
				INFOPLIST_KEY_UISupportedInterfaceOrientations_iPhone = "UIInterfaceOrientationPortrait UIInterfaceOrientationLandscapeLeft UIInterfaceOrientationLandscapeRight";
				IPHONEOS_DEPLOYMENT_TARGET = 16.0;
				LD_RUNPATH_SEARCH_PATHS = (
					"$(inherited)",
					"@executable_path/Frameworks",
				);
				MARKETING_VERSION = 1.0;
				PRODUCT_BUNDLE_IDENTIFIER = ailin.ai.tech;
				PRODUCT_NAME = "$(TARGET_NAME)";
				SWIFT_EMIT_LOC_STRINGS = YES;
				SWIFT_VERSION = 5.0;
				TARGETED_DEVICE_FAMILY = "1,2";
			};
			name = Debug;
		};
		ECA98CE229B37249008DDFED /* Release */ = {
			isa = XCBuildConfiguration;
			baseConfigurationReference = 9D82BB9135BFECF85582103D /* Pods-bot_teacher.release.xcconfig */;
			buildSettings = {
				ASSETCATALOG_COMPILER_APPICON_NAME = AppIcon;
				ASSETCATALOG_COMPILER_GLOBAL_ACCENT_COLOR_NAME = AccentColor;
				CODE_SIGN_ENTITLEMENTS = bot_teacher/bot_teacher.entitlements;
				CODE_SIGN_STYLE = Automatic;
				CURRENT_PROJECT_VERSION = 1;
				DEVELOPMENT_TEAM = 866D4KR59Z;
				GENERATE_INFOPLIST_FILE = YES;
				INFOPLIST_FILE = bot_teacher/Info.plist;
				INFOPLIST_KEY_NSMicrophoneUsageDescription = "Audio is recorded to transcribe the meeting. Audio recordings are discarded after transcription.";
				INFOPLIST_KEY_NSSpeechRecognitionUsageDescription = "You can view a text transcription of your meeting in the app.";
				INFOPLIST_KEY_UIApplicationSupportsIndirectInputEvents = YES;
				INFOPLIST_KEY_UILaunchStoryboardName = LaunchScreen;
				INFOPLIST_KEY_UIMainStoryboardFile = Main;
				INFOPLIST_KEY_UISupportedInterfaceOrientations_iPad = "UIInterfaceOrientationPortrait UIInterfaceOrientationPortraitUpsideDown UIInterfaceOrientationLandscapeLeft UIInterfaceOrientationLandscapeRight";
				INFOPLIST_KEY_UISupportedInterfaceOrientations_iPhone = "UIInterfaceOrientationPortrait UIInterfaceOrientationLandscapeLeft UIInterfaceOrientationLandscapeRight";
				IPHONEOS_DEPLOYMENT_TARGET = 16.0;
				LD_RUNPATH_SEARCH_PATHS = (
					"$(inherited)",
					"@executable_path/Frameworks",
				);
				MARKETING_VERSION = 1.0;
				PRODUCT_BUNDLE_IDENTIFIER = ailin.ai.tech;
				PRODUCT_NAME = "$(TARGET_NAME)";
				SWIFT_EMIT_LOC_STRINGS = YES;
				SWIFT_VERSION = 5.0;
				TARGETED_DEVICE_FAMILY = "1,2";
			};
			name = Release;
		};
		ECA98CE429B37249008DDFED /* Debug */ = {
			isa = XCBuildConfiguration;
			buildSettings = {
				ALWAYS_EMBED_SWIFT_STANDARD_LIBRARIES = YES;
				BUNDLE_LOADER = "$(TEST_HOST)";
				CODE_SIGN_STYLE = Automatic;
				CURRENT_PROJECT_VERSION = 1;
				GENERATE_INFOPLIST_FILE = YES;
				INFOPLIST_FILE = "bot-teacherTests-Info.plist";
				INFOPLIST_KEY_NSMicrophoneUsageDescription = "";
				INFOPLIST_KEY_NSSpeechRecognitionUsageDescription = "";
				IPHONEOS_DEPLOYMENT_TARGET = 16.2;
				MARKETING_VERSION = 1.0;
				PRODUCT_BUNDLE_IDENTIFIER = "toy.bot-teacherTests";
				PRODUCT_NAME = "$(TARGET_NAME)";
				SWIFT_EMIT_LOC_STRINGS = NO;
				SWIFT_VERSION = 5.0;
				TARGETED_DEVICE_FAMILY = "1,2";
				TEST_HOST = "$(BUILT_PRODUCTS_DIR)/bot_teacher.app/$(BUNDLE_EXECUTABLE_FOLDER_PATH)/bot_teacher";
			};
			name = Debug;
		};
		ECA98CE529B37249008DDFED /* Release */ = {
			isa = XCBuildConfiguration;
			buildSettings = {
				ALWAYS_EMBED_SWIFT_STANDARD_LIBRARIES = YES;
				BUNDLE_LOADER = "$(TEST_HOST)";
				CODE_SIGN_STYLE = Automatic;
				CURRENT_PROJECT_VERSION = 1;
				GENERATE_INFOPLIST_FILE = YES;
				INFOPLIST_FILE = "bot-teacherTests-Info.plist";
				INFOPLIST_KEY_NSMicrophoneUsageDescription = "";
				INFOPLIST_KEY_NSSpeechRecognitionUsageDescription = "";
				IPHONEOS_DEPLOYMENT_TARGET = 16.2;
				MARKETING_VERSION = 1.0;
				PRODUCT_BUNDLE_IDENTIFIER = "toy.bot-teacherTests";
				PRODUCT_NAME = "$(TARGET_NAME)";
				SWIFT_EMIT_LOC_STRINGS = NO;
				SWIFT_VERSION = 5.0;
				TARGETED_DEVICE_FAMILY = "1,2";
				TEST_HOST = "$(BUILT_PRODUCTS_DIR)/bot_teacher.app/$(BUNDLE_EXECUTABLE_FOLDER_PATH)/bot_teacher";
			};
			name = Release;
		};
		ECA98CE729B37249008DDFED /* Debug */ = {
			isa = XCBuildConfiguration;
			buildSettings = {
				ALWAYS_EMBED_SWIFT_STANDARD_LIBRARIES = YES;
				CODE_SIGN_STYLE = Automatic;
				CURRENT_PROJECT_VERSION = 1;
				GENERATE_INFOPLIST_FILE = YES;
				MARKETING_VERSION = 1.0;
				PRODUCT_BUNDLE_IDENTIFIER = "toy.bot-teacherUITests";
				PRODUCT_NAME = "$(TARGET_NAME)";
				SWIFT_EMIT_LOC_STRINGS = NO;
				SWIFT_VERSION = 5.0;
				TARGETED_DEVICE_FAMILY = "1,2";
				TEST_TARGET_NAME = bot_teacher;
			};
			name = Debug;
		};
		ECA98CE829B37249008DDFED /* Release */ = {
			isa = XCBuildConfiguration;
			buildSettings = {
				ALWAYS_EMBED_SWIFT_STANDARD_LIBRARIES = YES;
				CODE_SIGN_STYLE = Automatic;
				CURRENT_PROJECT_VERSION = 1;
				GENERATE_INFOPLIST_FILE = YES;
				MARKETING_VERSION = 1.0;
				PRODUCT_BUNDLE_IDENTIFIER = "toy.bot-teacherUITests";
				PRODUCT_NAME = "$(TARGET_NAME)";
				SWIFT_EMIT_LOC_STRINGS = NO;
				SWIFT_VERSION = 5.0;
				TARGETED_DEVICE_FAMILY = "1,2";
				TEST_TARGET_NAME = bot_teacher;
			};
			name = Release;
		};
/* End XCBuildConfiguration section */

/* Begin XCConfigurationList section */
		ECA98CB129B37248008DDFED /* Build configuration list for PBXProject "bot_teacher" */ = {
			isa = XCConfigurationList;
			buildConfigurations = (
				ECA98CDE29B37249008DDFED /* Debug */,
				ECA98CDF29B37249008DDFED /* Release */,
			);
			defaultConfigurationIsVisible = 0;
			defaultConfigurationName = Release;
		};
		ECA98CE029B37249008DDFED /* Build configuration list for PBXNativeTarget "bot_teacher" */ = {
			isa = XCConfigurationList;
			buildConfigurations = (
				ECA98CE129B37249008DDFED /* Debug */,
				ECA98CE229B37249008DDFED /* Release */,
			);
			defaultConfigurationIsVisible = 0;
			defaultConfigurationName = Release;
		};
		ECA98CE329B37249008DDFED /* Build configuration list for PBXNativeTarget "bot_teacherTests" */ = {
			isa = XCConfigurationList;
			buildConfigurations = (
				ECA98CE429B37249008DDFED /* Debug */,
				ECA98CE529B37249008DDFED /* Release */,
			);
			defaultConfigurationIsVisible = 0;
			defaultConfigurationName = Release;
		};
		ECA98CE629B37249008DDFED /* Build configuration list for PBXNativeTarget "bot_teacherUITests" */ = {
			isa = XCConfigurationList;
			buildConfigurations = (
				ECA98CE729B37249008DDFED /* Debug */,
				ECA98CE829B37249008DDFED /* Release */,
			);
			defaultConfigurationIsVisible = 0;
			defaultConfigurationName = Release;
		};
/* End XCConfigurationList section */
	};
	rootObject = ECA98CAE29B37248008DDFED /* Project object */;
}
