// !$*UTF8*$!
{
	archiveVersion = 1;
	classes = {
	};
	objectVersion = 56;
	objects = {

/* Begin PBXBuildFile section */
		AA0982A12AE34091F8CA228E /* Pods_bot_teacher.framework in Frameworks */ = {isa = PBXBuildFile; fileRef = FFD238D09A312435EE95C246 /* Pods_bot_teacher.framework */; };
		EC115BEC29BD7CB5001B08DA /* AzureServicePostRequest.swift in Sources */ = {isa = PBXBuildFile; fileRef = EC115BEB29BD7CB5001B08DA /* AzureServicePostRequest.swift */; };
		EC115C0B29C1D93C001B08DA /* TeacherListView.swift in Sources */ = {isa = PBXBuildFile; fileRef = EC115C0A29C1D93C001B08DA /* TeacherListView.swift */; };
		EC115C0D29C1DAD2001B08DA /* Database.swift in Sources */ = {isa = PBXBuildFile; fileRef = EC115C0C29C1DAD2001B08DA /* Database.swift */; };
		EC61445E29C35C6300CDF540 /* .gitignore in Resources */ = {isa = PBXBuildFile; fileRef = EC61445D29C35C6300CDF540 /* .gitignore */; };
		EC61446629C368B500CDF540 /* GoogleService-Info.plist in Resources */ = {isa = PBXBuildFile; fileRef = EC61446529C368B500CDF540 /* GoogleService-Info.plist */; };
		EC61446929C3695100CDF540 /* FirebaseAnalytics in Frameworks */ = {isa = PBXBuildFile; productRef = EC61446829C3695100CDF540 /* FirebaseAnalytics */; };
		EC61446B29C3695100CDF540 /* FirebaseAnalyticsSwift in Frameworks */ = {isa = PBXBuildFile; productRef = EC61446A29C3695100CDF540 /* FirebaseAnalyticsSwift */; };
		EC61446D29C3695100CDF540 /* FirebaseAuth in Frameworks */ = {isa = PBXBuildFile; productRef = EC61446C29C3695100CDF540 /* FirebaseAuth */; };
		EC61446F29C3695100CDF540 /* FirebaseDatabase in Frameworks */ = {isa = PBXBuildFile; productRef = EC61446E29C3695100CDF540 /* FirebaseDatabase */; };
		EC61447129C3695100CDF540 /* FirebaseDatabaseSwift in Frameworks */ = {isa = PBXBuildFile; productRef = EC61447029C3695100CDF540 /* FirebaseDatabaseSwift */; };
		EC61447329C3695100CDF540 /* FirebaseStorage in Frameworks */ = {isa = PBXBuildFile; productRef = EC61447229C3695100CDF540 /* FirebaseStorage */; };
		EC61447529C3695100CDF540 /* FirebaseStorageCombine-Community in Frameworks */ = {isa = PBXBuildFile; productRef = EC61447429C3695100CDF540 /* FirebaseStorageCombine-Community */; };
		EC61447729C42F9A00CDF540 /* LoginView.swift in Sources */ = {isa = PBXBuildFile; fileRef = EC61447629C42F9A00CDF540 /* LoginView.swift */; };
		EC61447929C431BD00CDF540 /* AuthenticationViewModel.swift in Sources */ = {isa = PBXBuildFile; fileRef = EC61447829C431BD00CDF540 /* AuthenticationViewModel.swift */; };
		EC61447F29C45D0D00CDF540 /* GoogleSignIn in Frameworks */ = {isa = PBXBuildFile; productRef = EC61447E29C45D0D00CDF540 /* GoogleSignIn */; };
		EC61448129C45D0D00CDF540 /* GoogleSignInSwift in Frameworks */ = {isa = PBXBuildFile; productRef = EC61448029C45D0D00CDF540 /* GoogleSignInSwift */; };
		EC61448329C45DD500CDF540 /* SignupView.swift in Sources */ = {isa = PBXBuildFile; fileRef = EC61448229C45DD500CDF540 /* SignupView.swift */; };
		EC61448729C45EB300CDF540 /* AuthenticatedView.swift in Sources */ = {isa = PBXBuildFile; fileRef = EC61448629C45EB300CDF540 /* AuthenticatedView.swift */; };
		EC61448929C45ED500CDF540 /* AuthenticationView.swift in Sources */ = {isa = PBXBuildFile; fileRef = EC61448829C45ED500CDF540 /* AuthenticationView.swift */; };
		EC61448C29C4703100CDF540 /* AilinApp.swift in Sources */ = {isa = PBXBuildFile; fileRef = EC61448B29C4703100CDF540 /* AilinApp.swift */; };
		EC61448E29C4726000CDF540 /* Main.storyboard in Resources */ = {isa = PBXBuildFile; fileRef = EC61448D29C4726000CDF540 /* Main.storyboard */; };
		EC61449029C4732D00CDF540 /* UserProfileView.swift in Sources */ = {isa = PBXBuildFile; fileRef = EC61448F29C4732D00CDF540 /* UserProfileView.swift */; };
		EC61449429C4775100CDF540 /* ColorSet.xcassets in Resources */ = {isa = PBXBuildFile; fileRef = EC61449329C4775100CDF540 /* ColorSet.xcassets */; };
		EC61449629C47DF200CDF540 /* GetDataFromCloud.swift in Sources */ = {isa = PBXBuildFile; fileRef = EC61449529C47DF200CDF540 /* GetDataFromCloud.swift */; };
		EC61449D29C4A70100CDF540 /* FirebaseFirestore in Frameworks */ = {isa = PBXBuildFile; productRef = EC61449C29C4A70100CDF540 /* FirebaseFirestore */; };
		EC61449F29C4A70800CDF540 /* FirebaseFirestoreSwift in Frameworks */ = {isa = PBXBuildFile; productRef = EC61449E29C4A70800CDF540 /* FirebaseFirestoreSwift */; };
		EC6144A329C7493900CDF540 /* Keys.swift in Sources */ = {isa = PBXBuildFile; fileRef = EC6144A229C7493900CDF540 /* Keys.swift */; };
		EC6144A529C9F8A000CDF540 /* AzureService.swift in Sources */ = {isa = PBXBuildFile; fileRef = EC6144A429C9F8A000CDF540 /* AzureService.swift */; };
		EC6144A729CB510200CDF540 /* AzureSpeechRecognizer.swift in Sources */ = {isa = PBXBuildFile; fileRef = EC6144A629CB510200CDF540 /* AzureSpeechRecognizer.swift */; };
		EC6144A929D3281500CDF540 /* TaskView.swift in Sources */ = {isa = PBXBuildFile; fileRef = EC6144A829D3281500CDF540 /* TaskView.swift */; };
		EC6144AB29D33ED500CDF540 /* ReportView.swift in Sources */ = {isa = PBXBuildFile; fileRef = EC6144AA29D33ED500CDF540 /* ReportView.swift */; };
		EC6144AD29D33F3400CDF540 /* TranslationView.swift in Sources */ = {isa = PBXBuildFile; fileRef = EC6144AC29D33F3400CDF540 /* TranslationView.swift */; };
		EC6144AF29D45D2000CDF540 /* ChooseLanguageView.swift in Sources */ = {isa = PBXBuildFile; fileRef = EC6144AE29D45D2000CDF540 /* ChooseLanguageView.swift */; };
		EC6144B429D705A600CDF540 /* Alamofire in Frameworks */ = {isa = PBXBuildFile; productRef = EC6144B329D705A600CDF540 /* Alamofire */; };
		ECA98CC329B37249008DDFED /* Assets.xcassets in Resources */ = {isa = PBXBuildFile; fileRef = ECA98CC229B37249008DDFED /* Assets.xcassets */; };
		ECA98CD129B37249008DDFED /* bot_teacherTests.swift in Sources */ = {isa = PBXBuildFile; fileRef = ECA98CD029B37249008DDFED /* bot_teacherTests.swift */; };
		ECA98CDB29B37249008DDFED /* bot_teacherUITests.swift in Sources */ = {isa = PBXBuildFile; fileRef = ECA98CDA29B37249008DDFED /* bot_teacherUITests.swift */; };
		ECA98CDD29B37249008DDFED /* bot_teacherUITestsLaunchTests.swift in Sources */ = {isa = PBXBuildFile; fileRef = ECA98CDC29B37249008DDFED /* bot_teacherUITestsLaunchTests.swift */; };
		ECEA37EC29B5138000A069C8 /* APICaller.swift in Sources */ = {isa = PBXBuildFile; fileRef = ECEA37EB29B5138000A069C8 /* APICaller.swift */; };
		ECEA37FE29B60FFA00A069C8 /* MessageModel.swift in Sources */ = {isa = PBXBuildFile; fileRef = ECEA37FD29B60FFA00A069C8 /* MessageModel.swift */; };
		ECEA380029B619E100A069C8 /* ChatView.swift in Sources */ = {isa = PBXBuildFile; fileRef = ECEA37FF29B619E100A069C8 /* ChatView.swift */; };
		ECEA380229B61A8300A069C8 /* BotResponse.swift in Sources */ = {isa = PBXBuildFile; fileRef = ECEA380129B61A8300A069C8 /* BotResponse.swift */; };
		ECEA380429B74F5400A069C8 /* MessageCellView.swift in Sources */ = {isa = PBXBuildFile; fileRef = ECEA380329B74F5400A069C8 /* MessageCellView.swift */; };
		ECEA381329B7702300A069C8 /* SpeechRecognizer.swift in Sources */ = {isa = PBXBuildFile; fileRef = ECEA380B29B7702300A069C8 /* SpeechRecognizer.swift */; };
/* End PBXBuildFile section */

/* Begin PBXContainerItemProxy section */
		ECA98CCD29B37249008DDFED /* PBXContainerItemProxy */ = {
			isa = PBXContainerItemProxy;
			containerPortal = ECA98CAE29B37248008DDFED /* Project object */;
			proxyType = 1;
			remoteGlobalIDString = ECA98CB529B37248008DDFED;
			remoteInfo = bot_teacher;
		};
		ECA98CD729B37249008DDFED /* PBXContainerItemProxy */ = {
			isa = PBXContainerItemProxy;
			containerPortal = ECA98CAE29B37248008DDFED /* Project object */;
			proxyType = 1;
			remoteGlobalIDString = ECA98CB529B37248008DDFED;
			remoteInfo = bot_teacher;
		};
/* End PBXContainerItemProxy section */

/* Begin PBXFileReference section */
		57776F79A06EB4F3F4DDD6F0 /* Pods-bot_teacher.debug.xcconfig */ = {isa = PBXFileReference; includeInIndex = 1; lastKnownFileType = text.xcconfig; name = "Pods-bot_teacher.debug.xcconfig"; path = "Target Support Files/Pods-bot_teacher/Pods-bot_teacher.debug.xcconfig"; sourceTree = "<group>"; };
		9D82BB9135BFECF85582103D /* Pods-bot_teacher.release.xcconfig */ = {isa = PBXFileReference; includeInIndex = 1; lastKnownFileType = text.xcconfig; name = "Pods-bot_teacher.release.xcconfig"; path = "Target Support Files/Pods-bot_teacher/Pods-bot_teacher.release.xcconfig"; sourceTree = "<group>"; };
		EC115BEB29BD7CB5001B08DA /* AzureServicePostRequest.swift */ = {isa = PBXFileReference; lastKnownFileType = sourcecode.swift; path = AzureServicePostRequest.swift; sourceTree = "<group>"; };
		EC115C0729C0D64B001B08DA /* bot_teacher.entitlements */ = {isa = PBXFileReference; lastKnownFileType = text.plist.entitlements; path = bot_teacher.entitlements; sourceTree = "<group>"; };
		EC115C0A29C1D93C001B08DA /* TeacherListView.swift */ = {isa = PBXFileReference; lastKnownFileType = sourcecode.swift; path = TeacherListView.swift; sourceTree = "<group>"; };
		EC115C0C29C1DAD2001B08DA /* Database.swift */ = {isa = PBXFileReference; lastKnownFileType = sourcecode.swift; path = Database.swift; sourceTree = "<group>"; };
		EC61445D29C35C6300CDF540 /* .gitignore */ = {isa = PBXFileReference; lastKnownFileType = text; path = .gitignore; sourceTree = "<group>"; };
		EC61446529C368B500CDF540 /* GoogleService-Info.plist */ = {isa = PBXFileReference; fileEncoding = 4; lastKnownFileType = text.plist.xml; path = "GoogleService-Info.plist"; sourceTree = "<group>"; };
		EC61447629C42F9A00CDF540 /* LoginView.swift */ = {isa = PBXFileReference; lastKnownFileType = sourcecode.swift; path = LoginView.swift; sourceTree = "<group>"; };
		EC61447829C431BD00CDF540 /* AuthenticationViewModel.swift */ = {isa = PBXFileReference; lastKnownFileType = sourcecode.swift; path = AuthenticationViewModel.swift; sourceTree = "<group>"; };
		EC61448229C45DD500CDF540 /* SignupView.swift */ = {isa = PBXFileReference; lastKnownFileType = sourcecode.swift; path = SignupView.swift; sourceTree = "<group>"; };
		EC61448629C45EB300CDF540 /* AuthenticatedView.swift */ = {isa = PBXFileReference; lastKnownFileType = sourcecode.swift; path = AuthenticatedView.swift; sourceTree = "<group>"; };
		EC61448829C45ED500CDF540 /* AuthenticationView.swift */ = {isa = PBXFileReference; lastKnownFileType = sourcecode.swift; path = AuthenticationView.swift; sourceTree = "<group>"; };
		EC61448B29C4703100CDF540 /* AilinApp.swift */ = {isa = PBXFileReference; lastKnownFileType = sourcecode.swift; path = AilinApp.swift; sourceTree = "<group>"; };
		EC61448D29C4726000CDF540 /* Main.storyboard */ = {isa = PBXFileReference; lastKnownFileType = file.storyboard; path = Main.storyboard; sourceTree = "<group>"; };
		EC61448F29C4732D00CDF540 /* UserProfileView.swift */ = {isa = PBXFileReference; lastKnownFileType = sourcecode.swift; path = UserProfileView.swift; sourceTree = "<group>"; };
		EC61449329C4775100CDF540 /* ColorSet.xcassets */ = {isa = PBXFileReference; lastKnownFileType = folder.assetcatalog; path = ColorSet.xcassets; sourceTree = "<group>"; };
		EC61449529C47DF200CDF540 /* GetDataFromCloud.swift */ = {isa = PBXFileReference; lastKnownFileType = sourcecode.swift; path = GetDataFromCloud.swift; sourceTree = "<group>"; };
		EC6144A229C7493900CDF540 /* Keys.swift */ = {isa = PBXFileReference; lastKnownFileType = sourcecode.swift; path = Keys.swift; sourceTree = "<group>"; };
		EC6144A429C9F8A000CDF540 /* AzureService.swift */ = {isa = PBXFileReference; lastKnownFileType = sourcecode.swift; path = AzureService.swift; sourceTree = "<group>"; };
		EC6144A629CB510200CDF540 /* AzureSpeechRecognizer.swift */ = {isa = PBXFileReference; lastKnownFileType = sourcecode.swift; path = AzureSpeechRecognizer.swift; sourceTree = "<group>"; };
		EC6144A829D3281500CDF540 /* TaskView.swift */ = {isa = PBXFileReference; lastKnownFileType = sourcecode.swift; path = TaskView.swift; sourceTree = "<group>"; };
		EC6144AA29D33ED500CDF540 /* ReportView.swift */ = {isa = PBXFileReference; lastKnownFileType = sourcecode.swift; path = ReportView.swift; sourceTree = "<group>"; };
		EC6144AC29D33F3400CDF540 /* TranslationView.swift */ = {isa = PBXFileReference; lastKnownFileType = sourcecode.swift; path = TranslationView.swift; sourceTree = "<group>"; };
		EC6144AE29D45D2000CDF540 /* ChooseLanguageView.swift */ = {isa = PBXFileReference; lastKnownFileType = sourcecode.swift; path = ChooseLanguageView.swift; sourceTree = "<group>"; };
		ECA98CB629B37248008DDFED /* bot_teacher.app */ = {isa = PBXFileReference; explicitFileType = wrapper.application; includeInIndex = 0; path = bot_teacher.app; sourceTree = BUILT_PRODUCTS_DIR; };
		ECA98CC229B37249008DDFED /* Assets.xcassets */ = {isa = PBXFileReference; lastKnownFileType = folder.assetcatalog; path = Assets.xcassets; sourceTree = "<group>"; };
		ECA98CC729B37249008DDFED /* Info.plist */ = {isa = PBXFileReference; lastKnownFileType = text.plist.xml; path = Info.plist; sourceTree = "<group>"; };
		ECA98CCC29B37249008DDFED /* bot_teacherTests.xctest */ = {isa = PBXFileReference; explicitFileType = wrapper.cfbundle; includeInIndex = 0; path = bot_teacherTests.xctest; sourceTree = BUILT_PRODUCTS_DIR; };
		ECA98CD029B37249008DDFED /* bot_teacherTests.swift */ = {isa = PBXFileReference; lastKnownFileType = sourcecode.swift; path = bot_teacherTests.swift; sourceTree = "<group>"; };
		ECA98CD629B37249008DDFED /* bot_teacherUITests.xctest */ = {isa = PBXFileReference; explicitFileType = wrapper.cfbundle; includeInIndex = 0; path = bot_teacherUITests.xctest; sourceTree = BUILT_PRODUCTS_DIR; };
		ECA98CDA29B37249008DDFED /* bot_teacherUITests.swift */ = {isa = PBXFileReference; lastKnownFileType = sourcecode.swift; path = bot_teacherUITests.swift; sourceTree = "<group>"; };
		ECA98CDC29B37249008DDFED /* bot_teacherUITestsLaunchTests.swift */ = {isa = PBXFileReference; lastKnownFileType = sourcecode.swift; path = bot_teacherUITestsLaunchTests.swift; sourceTree = "<group>"; };
		ECEA37EB29B5138000A069C8 /* APICaller.swift */ = {isa = PBXFileReference; lastKnownFileType = sourcecode.swift; path = APICaller.swift; sourceTree = "<group>"; };
		ECEA37FD29B60FFA00A069C8 /* MessageModel.swift */ = {isa = PBXFileReference; lastKnownFileType = sourcecode.swift; path = MessageModel.swift; sourceTree = "<group>"; };
		ECEA37FF29B619E100A069C8 /* ChatView.swift */ = {isa = PBXFileReference; lastKnownFileType = sourcecode.swift; path = ChatView.swift; sourceTree = "<group>"; };
		ECEA380129B61A8300A069C8 /* BotResponse.swift */ = {isa = PBXFileReference; lastKnownFileType = sourcecode.swift; path = BotResponse.swift; sourceTree = "<group>"; };
		ECEA380329B74F5400A069C8 /* MessageCellView.swift */ = {isa = PBXFileReference; lastKnownFileType = sourcecode.swift; path = MessageCellView.swift; sourceTree = "<group>"; };
		ECEA380B29B7702300A069C8 /* SpeechRecognizer.swift */ = {isa = PBXFileReference; fileEncoding = 4; lastKnownFileType = sourcecode.swift; path = SpeechRecognizer.swift; sourceTree = "<group>"; };
		ECEA381A29B77AA000A069C8 /* bot-teacherTests-Info.plist */ = {isa = PBXFileReference; lastKnownFileType = text.plist; path = "bot-teacherTests-Info.plist"; sourceTree = SOURCE_ROOT; };
		FFD238D09A312435EE95C246 /* Pods_bot_teacher.framework */ = {isa = PBXFileReference; explicitFileType = wrapper.framework; includeInIndex = 0; path = Pods_bot_teacher.framework; sourceTree = BUILT_PRODUCTS_DIR; };
/* End PBXFileReference section */

/* Begin PBXFrameworksBuildPhase section */
		ECA98CB329B37248008DDFED /* Frameworks */ = {
			isa = PBXFrameworksBuildPhase;
			buildActionMask = 2147483647;
			files = (
				EC61447129C3695100CDF540 /* FirebaseDatabaseSwift in Frameworks */,
				EC61446F29C3695100CDF540 /* FirebaseDatabase in Frameworks */,
				EC61447529C3695100CDF540 /* FirebaseStorageCombine-Community in Frameworks */,
				EC61446B29C3695100CDF540 /* FirebaseAnalyticsSwift in Frameworks */,
				EC61446929C3695100CDF540 /* FirebaseAnalytics in Frameworks */,
				EC61448129C45D0D00CDF540 /* GoogleSignInSwift in Frameworks */,
				EC61447329C3695100CDF540 /* FirebaseStorage in Frameworks */,
				AA0982A12AE34091F8CA228E /* Pods_bot_teacher.framework in Frameworks */,
				EC61446D29C3695100CDF540 /* FirebaseAuth in Frameworks */,
				EC61449D29C4A70100CDF540 /* FirebaseFirestore in Frameworks */,
				EC61447F29C45D0D00CDF540 /* GoogleSignIn in Frameworks */,
				EC61449F29C4A70800CDF540 /* FirebaseFirestoreSwift in Frameworks */,
				EC6144B429D705A600CDF540 /* Alamofire in Frameworks */,
			);
			runOnlyForDeploymentPostprocessing = 0;
		};
		ECA98CC929B37249008DDFED /* Frameworks */ = {
			isa = PBXFrameworksBuildPhase;
			buildActionMask = 2147483647;
			files = (
			);
			runOnlyForDeploymentPostprocessing = 0;
		};
		ECA98CD329B37249008DDFED /* Frameworks */ = {
			isa = PBXFrameworksBuildPhase;
			buildActionMask = 2147483647;
			files = (
			);
			runOnlyForDeploymentPostprocessing = 0;
		};
/* End PBXFrameworksBuildPhase section */

/* Begin PBXGroup section */
		8EEB37D34B53EFF6215CA01A /* Frameworks */ = {
			isa = PBXGroup;
			children = (
				FFD238D09A312435EE95C246 /* Pods_bot_teacher.framework */,
			);
			name = Frameworks;
			sourceTree = "<group>";
		};
		E0F22F4FE82269F9760482A9 /* Pods */ = {
			isa = PBXGroup;
			children = (
				57776F79A06EB4F3F4DDD6F0 /* Pods-bot_teacher.debug.xcconfig */,
				9D82BB9135BFECF85582103D /* Pods-bot_teacher.release.xcconfig */,
			);
			path = Pods;
			sourceTree = "<group>";
		};
		EC115C0029BEE1FB001B08DA /* Utils */ = {
			isa = PBXGroup;
			children = (
				ECEA380B29B7702300A069C8 /* SpeechRecognizer.swift */,
				EC115C0C29C1DAD2001B08DA /* Database.swift */,
				EC61449529C47DF200CDF540 /* GetDataFromCloud.swift */,
				EC6144A229C7493900CDF540 /* Keys.swift */,
				EC6144A629CB510200CDF540 /* AzureSpeechRecognizer.swift */,
			);
			path = Utils;
			sourceTree = "<group>";
		};
		EC61448A29C45EE300CDF540 /* Auth */ = {
			isa = PBXGroup;
			children = (
				EC61448829C45ED500CDF540 /* AuthenticationView.swift */,
				EC61448629C45EB300CDF540 /* AuthenticatedView.swift */,
				EC61448229C45DD500CDF540 /* SignupView.swift */,
				EC61447629C42F9A00CDF540 /* LoginView.swift */,
				EC61448F29C4732D00CDF540 /* UserProfileView.swift */,
			);
			path = Auth;
			sourceTree = "<group>";
		};
		ECA98CAD29B37248008DDFED = {
			isa = PBXGroup;
			children = (
				EC61445D29C35C6300CDF540 /* .gitignore */,
				ECA98CB829B37248008DDFED /* bot_teacher */,
				ECA98CCF29B37249008DDFED /* bot_teacherTests */,
				ECA98CD929B37249008DDFED /* bot_teacherUITests */,
				ECA98CB729B37248008DDFED /* Products */,
				E0F22F4FE82269F9760482A9 /* Pods */,
				8EEB37D34B53EFF6215CA01A /* Frameworks */,
			);
			sourceTree = "<group>";
		};
		ECA98CB729B37248008DDFED /* Products */ = {
			isa = PBXGroup;
			children = (
				ECA98CB629B37248008DDFED /* bot_teacher.app */,
				ECA98CCC29B37249008DDFED /* bot_teacherTests.xctest */,
				ECA98CD629B37249008DDFED /* bot_teacherUITests.xctest */,
			);
			name = Products;
			sourceTree = "<group>";
		};
		ECA98CB829B37248008DDFED /* bot_teacher */ = {
			isa = PBXGroup;
			children = (
				EC115C0729C0D64B001B08DA /* bot_teacher.entitlements */,
				EC115C0029BEE1FB001B08DA /* Utils */,
				ECEA37EA29B5136900A069C8 /* ChatGPTService */,
				ECA98CF429B3A3A9008DDFED /* Views */,
				ECA98CEC29B3927E008DDFED /* Model */,
				EC61448B29C4703100CDF540 /* AilinApp.swift */,
				ECA98CC229B37249008DDFED /* Assets.xcassets */,
				EC61449329C4775100CDF540 /* ColorSet.xcassets */,
				EC61446529C368B500CDF540 /* GoogleService-Info.plist */,
				ECA98CC729B37249008DDFED /* Info.plist */,
				EC61448D29C4726000CDF540 /* Main.storyboard */,
			);
			path = bot_teacher;
			sourceTree = "<group>";
		};
		ECA98CCF29B37249008DDFED /* bot_teacherTests */ = {
			isa = PBXGroup;
			children = (
				ECEA381A29B77AA000A069C8 /* bot-teacherTests-Info.plist */,
				ECA98CD029B37249008DDFED /* bot_teacherTests.swift */,
			);
			path = bot_teacherTests;
			sourceTree = "<group>";
		};
		ECA98CD929B37249008DDFED /* bot_teacherUITests */ = {
			isa = PBXGroup;
			children = (
				ECA98CDA29B37249008DDFED /* bot_teacherUITests.swift */,
				ECA98CDC29B37249008DDFED /* bot_teacherUITestsLaunchTests.swift */,
			);
			path = bot_teacherUITests;
			sourceTree = "<group>";
		};
		ECA98CEC29B3927E008DDFED /* Model */ = {
			isa = PBXGroup;
			children = (
				ECEA37FD29B60FFA00A069C8 /* MessageModel.swift */,
				EC61447829C431BD00CDF540 /* AuthenticationViewModel.swift */,
			);
			path = Model;
			sourceTree = "<group>";
		};
		ECA98CF429B3A3A9008DDFED /* Views */ = {
			isa = PBXGroup;
			children = (
				EC61448A29C45EE300CDF540 /* Auth */,
				ECEA380329B74F5400A069C8 /* MessageCellView.swift */,
				ECEA37FF29B619E100A069C8 /* ChatView.swift */,
				EC115C0A29C1D93C001B08DA /* TeacherListView.swift */,
				EC6144A829D3281500CDF540 /* TaskView.swift */,
				EC6144AA29D33ED500CDF540 /* ReportView.swift */,
				EC6144AC29D33F3400CDF540 /* TranslationView.swift */,
				EC6144AE29D45D2000CDF540 /* ChooseLanguageView.swift */,
			);
			path = Views;
			sourceTree = "<group>";
		};
		ECEA37EA29B5136900A069C8 /* ChatGPTService */ = {
			isa = PBXGroup;
			children = (
				ECEA37EB29B5138000A069C8 /* APICaller.swift */,
				ECEA380129B61A8300A069C8 /* BotResponse.swift */,
				EC115BEB29BD7CB5001B08DA /* AzureServicePostRequest.swift */,
				EC6144A429C9F8A000CDF540 /* AzureService.swift */,
			);
			path = ChatGPTService;
			sourceTree = "<group>";
		};
/* End PBXGroup section */

/* Begin PBXNativeTarget section */
		ECA98CB529B37248008DDFED /* bot_teacher */ = {
			isa = PBXNativeTarget;
			buildConfigurationList = ECA98CE029B37249008DDFED /* Build configuration list for PBXNativeTarget "bot_teacher" */;
			buildPhases = (
				56C0A97174582D5D34ED3CE5 /* [CP] Check Pods Manifest.lock */,
				ECA98CB229B37248008DDFED /* Sources */,
				ECA98CB329B37248008DDFED /* Frameworks */,
				ECA98CB429B37248008DDFED /* Resources */,
				062C36D010A070C7829454BF /* [CP] Embed Pods Frameworks */,
			);
			buildRules = (
			);
			dependencies = (
			);
			name = bot_teacher;
			packageProductDependencies = (
				EC61446829C3695100CDF540 /* FirebaseAnalytics */,
				EC61446A29C3695100CDF540 /* FirebaseAnalyticsSwift */,
				EC61446C29C3695100CDF540 /* FirebaseAuth */,
				EC61446E29C3695100CDF540 /* FirebaseDatabase */,
				EC61447029C3695100CDF540 /* FirebaseDatabaseSwift */,
				EC61447229C3695100CDF540 /* FirebaseStorage */,
				EC61447429C3695100CDF540 /* FirebaseStorageCombine-Community */,
				EC61447E29C45D0D00CDF540 /* GoogleSignIn */,
				EC61448029C45D0D00CDF540 /* GoogleSignInSwift */,
				EC61449C29C4A70100CDF540 /* FirebaseFirestore */,
				EC61449E29C4A70800CDF540 /* FirebaseFirestoreSwift */,
				EC6144B329D705A600CDF540 /* Alamofire */,
			);
			productName = bot_teacher;
			productReference = ECA98CB629B37248008DDFED /* bot_teacher.app */;
			productType = "com.apple.product-type.application";
		};
		ECA98CCB29B37249008DDFED /* bot_teacherTests */ = {
			isa = PBXNativeTarget;
			buildConfigurationList = ECA98CE329B37249008DDFED /* Build configuration list for PBXNativeTarget "bot_teacherTests" */;
			buildPhases = (
				ECA98CC829B37249008DDFED /* Sources */,
				ECA98CC929B37249008DDFED /* Frameworks */,
				ECA98CCA29B37249008DDFED /* Resources */,
			);
			buildRules = (
			);
			dependencies = (
				ECA98CCE29B37249008DDFED /* PBXTargetDependency */,
			);
			name = bot_teacherTests;
			productName = bot_teacherTests;
			productReference = ECA98CCC29B37249008DDFED /* bot_teacherTests.xctest */;
			productType = "com.apple.product-type.bundle.unit-test";
		};
		ECA98CD529B37249008DDFED /* bot_teacherUITests */ = {
			isa = PBXNativeTarget;
			buildConfigurationList = ECA98CE629B37249008DDFED /* Build configuration list for PBXNativeTarget "bot_teacherUITests" */;
			buildPhases = (
				ECA98CD229B37249008DDFED /* Sources */,
				ECA98CD329B37249008DDFED /* Frameworks */,
				ECA98CD429B37249008DDFED /* Resources */,
			);
			buildRules = (
			);
			dependencies = (
				ECA98CD829B37249008DDFED /* PBXTargetDependency */,
			);
			name = bot_teacherUITests;
			productName = bot_teacherUITests;
			productReference = ECA98CD629B37249008DDFED /* bot_teacherUITests.xctest */;
			productType = "com.apple.product-type.bundle.ui-testing";
		};
/* End PBXNativeTarget section */

/* Begin PBXProject section */
		ECA98CAE29B37248008DDFED /* Project object */ = {
			isa = PBXProject;
			attributes = {
				BuildIndependentTargetsInParallel = 1;
				LastSwiftUpdateCheck = 1420;
				LastUpgradeCheck = 1420;
				TargetAttributes = {
					ECA98CB529B37248008DDFED = {
						CreatedOnToolsVersion = 14.2;
					};
					ECA98CCB29B37249008DDFED = {
						CreatedOnToolsVersion = 14.2;
						TestTargetID = ECA98CB529B37248008DDFED;
					};
					ECA98CD529B37249008DDFED = {
						CreatedOnToolsVersion = 14.2;
						TestTargetID = ECA98CB529B37248008DDFED;
					};
				};
			};
			buildConfigurationList = ECA98CB129B37248008DDFED /* Build configuration list for PBXProject "bot_teacher" */;
			compatibilityVersion = "Xcode 14.0";
			developmentRegion = en;
			hasScannedForEncodings = 0;
			knownRegions = (
				en,
				Base,
			);
			mainGroup = ECA98CAD29B37248008DDFED;
			packageReferences = (
				EC61446729C3695100CDF540 /* XCRemoteSwiftPackageReference "firebase-ios-sdk" */,
				EC61447D29C45D0D00CDF540 /* XCRemoteSwiftPackageReference "GoogleSignIn-iOS" */,
				EC6144B229D705A600CDF540 /* XCRemoteSwiftPackageReference "Alamofire" */,
			);
			productRefGroup = ECA98CB729B37248008DDFED /* Products */;
			projectDirPath = "";
			projectRoot = "";
			targets = (
				ECA98CB529B37248008DDFED /* bot_teacher */,
				ECA98CCB29B37249008DDFED /* bot_teacherTests */,
				ECA98CD529B37249008DDFED /* bot_teacherUITests */,
			);
		};
/* End PBXProject section */

/* Begin PBXResourcesBuildPhase section */
		ECA98CB429B37248008DDFED /* Resources */ = {
			isa = PBXResourcesBuildPhase;
			buildActionMask = 2147483647;
			files = (
				EC61449429C4775100CDF540 /* ColorSet.xcassets in Resources */,
				EC61445E29C35C6300CDF540 /* .gitignore in Resources */,
				EC61446629C368B500CDF540 /* GoogleService-Info.plist in Resources */,
				ECA98CC329B37249008DDFED /* Assets.xcassets in Resources */,
				EC61448E29C4726000CDF540 /* Main.storyboard in Resources */,
			);
			runOnlyForDeploymentPostprocessing = 0;
		};
		ECA98CCA29B37249008DDFED /* Resources */ = {
			isa = PBXResourcesBuildPhase;
			buildActionMask = 2147483647;
			files = (
			);
			runOnlyForDeploymentPostprocessing = 0;
		};
		ECA98CD429B37249008DDFED /* Resources */ = {
			isa = PBXResourcesBuildPhase;
			buildActionMask = 2147483647;
			files = (
			);
			runOnlyForDeploymentPostprocessing = 0;
		};
/* End PBXResourcesBuildPhase section */

/* Begin PBXShellScriptBuildPhase section */
		062C36D010A070C7829454BF /* [CP] Embed Pods Frameworks */ = {
			isa = PBXShellScriptBuildPhase;
			buildActionMask = 2147483647;
			files = (
			);
			inputFileListPaths = (
				"${PODS_ROOT}/Target Support Files/Pods-bot_teacher/Pods-bot_teacher-frameworks-${CONFIGURATION}-input-files.xcfilelist",
			);
			name = "[CP] Embed Pods Frameworks";
			outputFileListPaths = (
				"${PODS_ROOT}/Target Support Files/Pods-bot_teacher/Pods-bot_teacher-frameworks-${CONFIGURATION}-output-files.xcfilelist",
			);
			runOnlyForDeploymentPostprocessing = 0;
			shellPath = /bin/sh;
			shellScript = "\"${PODS_ROOT}/Target Support Files/Pods-bot_teacher/Pods-bot_teacher-frameworks.sh\"\n";
			showEnvVarsInLog = 0;
		};
		56C0A97174582D5D34ED3CE5 /* [CP] Check Pods Manifest.lock */ = {
			isa = PBXShellScriptBuildPhase;
			buildActionMask = 2147483647;
			files = (
			);
			inputFileListPaths = (
			);
			inputPaths = (
				"${PODS_PODFILE_DIR_PATH}/Podfile.lock",
				"${PODS_ROOT}/Manifest.lock",
			);
			name = "[CP] Check Pods Manifest.lock";
			outputFileListPaths = (
			);
			outputPaths = (
				"$(DERIVED_FILE_DIR)/Pods-bot_teacher-checkManifestLockResult.txt",
			);
			runOnlyForDeploymentPostprocessing = 0;
			shellPath = /bin/sh;
			shellScript = "diff \"${PODS_PODFILE_DIR_PATH}/Podfile.lock\" \"${PODS_ROOT}/Manifest.lock\" > /dev/null\nif [ $? != 0 ] ; then\n    # print error to STDERR\n    echo \"error: The sandbox is not in sync with the Podfile.lock. Run 'pod install' or update your CocoaPods installation.\" >&2\n    exit 1\nfi\n# This output is used by Xcode 'outputs' to avoid re-running this script phase.\necho \"SUCCESS\" > \"${SCRIPT_OUTPUT_FILE_0}\"\n";
			showEnvVarsInLog = 0;
		};
/* End PBXShellScriptBuildPhase section */

/* Begin PBXSourcesBuildPhase section */
		ECA98CB229B37248008DDFED /* Sources */ = {
			isa = PBXSourcesBuildPhase;
			buildActionMask = 2147483647;
			files = (
				EC61448729C45EB300CDF540 /* AuthenticatedView.swift in Sources */,
				EC61448329C45DD500CDF540 /* SignupView.swift in Sources */,
				EC115BEC29BD7CB5001B08DA /* AzureServicePostRequest.swift in Sources */,
				EC61449629C47DF200CDF540 /* GetDataFromCloud.swift in Sources */,
				EC115C0D29C1DAD2001B08DA /* Database.swift in Sources */,
				EC6144A729CB510200CDF540 /* AzureSpeechRecognizer.swift in Sources */,
				EC115C0B29C1D93C001B08DA /* TeacherListView.swift in Sources */,
				EC61449029C4732D00CDF540 /* UserProfileView.swift in Sources */,
				EC6144AD29D33F3400CDF540 /* TranslationView.swift in Sources */,
				EC6144A329C7493900CDF540 /* Keys.swift in Sources */,
				EC61447929C431BD00CDF540 /* AuthenticationViewModel.swift in Sources */,
				ECEA381329B7702300A069C8 /* SpeechRecognizer.swift in Sources */,
				ECEA380029B619E100A069C8 /* ChatView.swift in Sources */,
				ECEA380229B61A8300A069C8 /* BotResponse.swift in Sources */,
				EC61447729C42F9A00CDF540 /* LoginView.swift in Sources */,
				EC61448C29C4703100CDF540 /* AilinApp.swift in Sources */,
				EC6144A929D3281500CDF540 /* TaskView.swift in Sources */,
				EC6144AB29D33ED500CDF540 /* ReportView.swift in Sources */,
				ECEA37FE29B60FFA00A069C8 /* MessageModel.swift in Sources */,
				EC6144AF29D45D2000CDF540 /* ChooseLanguageView.swift in Sources */,
				ECEA380429B74F5400A069C8 /* MessageCellView.swift in Sources */,
				EC6144A529C9F8A000CDF540 /* AzureService.swift in Sources */,
				EC61448929C45ED500CDF540 /* AuthenticationView.swift in Sources */,
				ECEA37EC29B5138000A069C8 /* APICaller.swift in Sources */,
			);
			runOnlyForDeploymentPostprocessing = 0;
		};
		ECA98CC829B37249008DDFED /* Sources */ = {
			isa = PBXSourcesBuildPhase;
			buildActionMask = 2147483647;
			files = (
				ECA98CD129B37249008DDFED /* bot_teacherTests.swift in Sources */,
			);
			runOnlyForDeploymentPostprocessing = 0;
		};
		ECA98CD229B37249008DDFED /* Sources */ = {
			isa = PBXSourcesBuildPhase;
			buildActionMask = 2147483647;
			files = (
				ECA98CDB29B37249008DDFED /* bot_teacherUITests.swift in Sources */,
				ECA98CDD29B37249008DDFED /* bot_teacherUITestsLaunchTests.swift in Sources */,
			);
			runOnlyForDeploymentPostprocessing = 0;
		};
/* End PBXSourcesBuildPhase section */

/* Begin PBXTargetDependency section */
		ECA98CCE29B37249008DDFED /* PBXTargetDependency */ = {
			isa = PBXTargetDependency;
			target = ECA98CB529B37248008DDFED /* bot_teacher */;
			targetProxy = ECA98CCD29B37249008DDFED /* PBXContainerItemProxy */;
		};
		ECA98CD829B37249008DDFED /* PBXTargetDependency */ = {
			isa = PBXTargetDependency;
			target = ECA98CB529B37248008DDFED /* bot_teacher */;
			targetProxy = ECA98CD729B37249008DDFED /* PBXContainerItemProxy */;
		};
/* End PBXTargetDependency section */

/* Begin XCBuildConfiguration section */
		ECA98CDE29B37249008DDFED /* Debug */ = {
			isa = XCBuildConfiguration;
			buildSettings = {
				ALWAYS_SEARCH_USER_PATHS = NO;
				CLANG_ANALYZER_NONNULL = YES;
				CLANG_ANALYZER_NUMBER_OBJECT_CONVERSION = YES_AGGRESSIVE;
				CLANG_CXX_LANGUAGE_STANDARD = "gnu++20";
				CLANG_ENABLE_MODULES = YES;
				CLANG_ENABLE_OBJC_ARC = YES;
				CLANG_ENABLE_OBJC_WEAK = YES;
				CLANG_WARN_BLOCK_CAPTURE_AUTORELEASING = YES;
				CLANG_WARN_BOOL_CONVERSION = YES;
				CLANG_WARN_COMMA = YES;
				CLANG_WARN_CONSTANT_CONVERSION = YES;
				CLANG_WARN_DEPRECATED_OBJC_IMPLEMENTATIONS = YES;
				CLANG_WARN_DIRECT_OBJC_ISA_USAGE = YES_ERROR;
				CLANG_WARN_DOCUMENTATION_COMMENTS = YES;
				CLANG_WARN_EMPTY_BODY = YES;
				CLANG_WARN_ENUM_CONVERSION = YES;
				CLANG_WARN_INFINITE_RECURSION = YES;
				CLANG_WARN_INT_CONVERSION = YES;
				CLANG_WARN_NON_LITERAL_NULL_CONVERSION = YES;
				CLANG_WARN_OBJC_IMPLICIT_RETAIN_SELF = YES;
				CLANG_WARN_OBJC_LITERAL_CONVERSION = YES;
				CLANG_WARN_OBJC_ROOT_CLASS = YES_ERROR;
				CLANG_WARN_QUOTED_INCLUDE_IN_FRAMEWORK_HEADER = YES;
				CLANG_WARN_RANGE_LOOP_ANALYSIS = YES;
				CLANG_WARN_STRICT_PROTOTYPES = YES;
				CLANG_WARN_SUSPICIOUS_MOVE = YES;
				CLANG_WARN_UNGUARDED_AVAILABILITY = YES_AGGRESSIVE;
				CLANG_WARN_UNREACHABLE_CODE = YES;
				CLANG_WARN__DUPLICATE_METHOD_MATCH = YES;
				COPY_PHASE_STRIP = NO;
				DEBUG_INFORMATION_FORMAT = dwarf;
				ENABLE_STRICT_OBJC_MSGSEND = YES;
				ENABLE_TESTABILITY = YES;
				GCC_C_LANGUAGE_STANDARD = gnu11;
				GCC_DYNAMIC_NO_PIC = NO;
				GCC_NO_COMMON_BLOCKS = YES;
				GCC_OPTIMIZATION_LEVEL = 0;
				GCC_PREPROCESSOR_DEFINITIONS = (
					"DEBUG=1",
					"$(inherited)",
				);
				GCC_WARN_64_TO_32_BIT_CONVERSION = YES;
				GCC_WARN_ABOUT_RETURN_TYPE = YES_ERROR;
				GCC_WARN_UNDECLARED_SELECTOR = YES;
				GCC_WARN_UNINITIALIZED_AUTOS = YES_AGGRESSIVE;
				GCC_WARN_UNUSED_FUNCTION = YES;
				GCC_WARN_UNUSED_VARIABLE = YES;
				IPHONEOS_DEPLOYMENT_TARGET = 16.0;
				MTL_ENABLE_DEBUG_INFO = INCLUDE_SOURCE;
				MTL_FAST_MATH = YES;
				ONLY_ACTIVE_ARCH = YES;
				SDKROOT = iphoneos;
				SWIFT_ACTIVE_COMPILATION_CONDITIONS = DEBUG;
				SWIFT_OPTIMIZATION_LEVEL = "-Onone";
			};
			name = Debug;
		};
		ECA98CDF29B37249008DDFED /* Release */ = {
			isa = XCBuildConfiguration;
			buildSettings = {
				ALWAYS_SEARCH_USER_PATHS = NO;
				CLANG_ANALYZER_NONNULL = YES;
				CLANG_ANALYZER_NUMBER_OBJECT_CONVERSION = YES_AGGRESSIVE;
				CLANG_CXX_LANGUAGE_STANDARD = "gnu++20";
				CLANG_ENABLE_MODULES = YES;
				CLANG_ENABLE_OBJC_ARC = YES;
				CLANG_ENABLE_OBJC_WEAK = YES;
				CLANG_WARN_BLOCK_CAPTURE_AUTORELEASING = YES;
				CLANG_WARN_BOOL_CONVERSION = YES;
				CLANG_WARN_COMMA = YES;
				CLANG_WARN_CONSTANT_CONVERSION = YES;
				CLANG_WARN_DEPRECATED_OBJC_IMPLEMENTATIONS = YES;
				CLANG_WARN_DIRECT_OBJC_ISA_USAGE = YES_ERROR;
				CLANG_WARN_DOCUMENTATION_COMMENTS = YES;
				CLANG_WARN_EMPTY_BODY = YES;
				CLANG_WARN_ENUM_CONVERSION = YES;
				CLANG_WARN_INFINITE_RECURSION = YES;
				CLANG_WARN_INT_CONVERSION = YES;
				CLANG_WARN_NON_LITERAL_NULL_CONVERSION = YES;
				CLANG_WARN_OBJC_IMPLICIT_RETAIN_SELF = YES;
				CLANG_WARN_OBJC_LITERAL_CONVERSION = YES;
				CLANG_WARN_OBJC_ROOT_CLASS = YES_ERROR;
				CLANG_WARN_QUOTED_INCLUDE_IN_FRAMEWORK_HEADER = YES;
				CLANG_WARN_RANGE_LOOP_ANALYSIS = YES;
				CLANG_WARN_STRICT_PROTOTYPES = YES;
				CLANG_WARN_SUSPICIOUS_MOVE = YES;
				CLANG_WARN_UNGUARDED_AVAILABILITY = YES_AGGRESSIVE;
				CLANG_WARN_UNREACHABLE_CODE = YES;
				CLANG_WARN__DUPLICATE_METHOD_MATCH = YES;
				COPY_PHASE_STRIP = NO;
				DEBUG_INFORMATION_FORMAT = "dwarf-with-dsym";
				ENABLE_NS_ASSERTIONS = NO;
				ENABLE_STRICT_OBJC_MSGSEND = YES;
				GCC_C_LANGUAGE_STANDARD = gnu11;
				GCC_NO_COMMON_BLOCKS = YES;
				GCC_WARN_64_TO_32_BIT_CONVERSION = YES;
				GCC_WARN_ABOUT_RETURN_TYPE = YES_ERROR;
				GCC_WARN_UNDECLARED_SELECTOR = YES;
				GCC_WARN_UNINITIALIZED_AUTOS = YES_AGGRESSIVE;
				GCC_WARN_UNUSED_FUNCTION = YES;
				GCC_WARN_UNUSED_VARIABLE = YES;
				IPHONEOS_DEPLOYMENT_TARGET = 16.0;
				MTL_ENABLE_DEBUG_INFO = NO;
				MTL_FAST_MATH = YES;
				SDKROOT = iphoneos;
				SWIFT_COMPILATION_MODE = wholemodule;
				SWIFT_OPTIMIZATION_LEVEL = "-O";
				VALIDATE_PRODUCT = YES;
			};
			name = Release;
		};
		ECA98CE129B37249008DDFED /* Debug */ = {
			isa = XCBuildConfiguration;
			baseConfigurationReference = 57776F79A06EB4F3F4DDD6F0 /* Pods-bot_teacher.debug.xcconfig */;
			buildSettings = {
				ASSETCATALOG_COMPILER_APPICON_NAME = AppIcon;
				ASSETCATALOG_COMPILER_GLOBAL_ACCENT_COLOR_NAME = AccentColor;
				CODE_SIGN_ENTITLEMENTS = bot_teacher/bot_teacher.entitlements;
				CODE_SIGN_STYLE = Automatic;
				CURRENT_PROJECT_VERSION = 1;
				DEVELOPMENT_TEAM = 866D4KR59Z;
				GENERATE_INFOPLIST_FILE = YES;
				INFOPLIST_FILE = bot_teacher/Info.plist;
				INFOPLIST_KEY_CFBundleDisplayName = Ailin;
				INFOPLIST_KEY_LSApplicationCategoryType = "";
				INFOPLIST_KEY_NSMicrophoneUsageDescription = "Audio is recorded to transcribe the meeting. Audio recordings are discarded after transcription.";
				INFOPLIST_KEY_NSSpeechRecognitionUsageDescription = "You can view a text transcription of your meeting in the app.";
				INFOPLIST_KEY_UIApplicationSupportsIndirectInputEvents = YES;
				INFOPLIST_KEY_UILaunchStoryboardName = LaunchScreen;
				INFOPLIST_KEY_UIMainStoryboardFile = Main;
				INFOPLIST_KEY_UISupportedInterfaceOrientations_iPad = "UIInterfaceOrientationPortrait UIInterfaceOrientationPortraitUpsideDown UIInterfaceOrientationLandscapeLeft UIInterfaceOrientationLandscapeRight";
				INFOPLIST_KEY_UISupportedInterfaceOrientations_iPhone = "UIInterfaceOrientationPortrait UIInterfaceOrientationLandscapeLeft UIInterfaceOrientationLandscapeRight";
				IPHONEOS_DEPLOYMENT_TARGET = 16.0;
				LD_RUNPATH_SEARCH_PATHS = (
					"$(inherited)",
					"@executable_path/Frameworks",
				);
				MARKETING_VERSION = 1.0;
				PRODUCT_BUNDLE_IDENTIFIER = com.ailin.ai.tech;
				PRODUCT_NAME = "$(TARGET_NAME)";
				SUPPORTED_PLATFORMS = "iphoneos iphonesimulator";
				SUPPORTS_MACCATALYST = NO;
				SUPPORTS_MAC_DESIGNED_FOR_IPHONE_IPAD = NO;
				SWIFT_EMIT_LOC_STRINGS = YES;
				SWIFT_VERSION = 5.0;
				TARGETED_DEVICE_FAMILY = 1;
			};
			name = Debug;
		};
		ECA98CE229B37249008DDFED /* Release */ = {
			isa = XCBuildConfiguration;
			baseConfigurationReference = 9D82BB9135BFECF85582103D /* Pods-bot_teacher.release.xcconfig */;
			buildSettings = {
				ASSETCATALOG_COMPILER_APPICON_NAME = AppIcon;
				ASSETCATALOG_COMPILER_GLOBAL_ACCENT_COLOR_NAME = AccentColor;
				CODE_SIGN_ENTITLEMENTS = bot_teacher/bot_teacher.entitlements;
				CODE_SIGN_STYLE = Automatic;
				CURRENT_PROJECT_VERSION = 1;
				DEVELOPMENT_TEAM = 866D4KR59Z;
				GENERATE_INFOPLIST_FILE = YES;
				INFOPLIST_FILE = bot_teacher/Info.plist;
				INFOPLIST_KEY_CFBundleDisplayName = Ailin;
				INFOPLIST_KEY_LSApplicationCategoryType = "";
				INFOPLIST_KEY_NSMicrophoneUsageDescription = "Audio is recorded to transcribe the meeting. Audio recordings are discarded after transcription.";
				INFOPLIST_KEY_NSSpeechRecognitionUsageDescription = "You can view a text transcription of your meeting in the app.";
				INFOPLIST_KEY_UIApplicationSupportsIndirectInputEvents = YES;
				INFOPLIST_KEY_UILaunchStoryboardName = LaunchScreen;
				INFOPLIST_KEY_UIMainStoryboardFile = Main;
				INFOPLIST_KEY_UISupportedInterfaceOrientations_iPad = "UIInterfaceOrientationPortrait UIInterfaceOrientationPortraitUpsideDown UIInterfaceOrientationLandscapeLeft UIInterfaceOrientationLandscapeRight";
				INFOPLIST_KEY_UISupportedInterfaceOrientations_iPhone = "UIInterfaceOrientationPortrait UIInterfaceOrientationLandscapeLeft UIInterfaceOrientationLandscapeRight";
				IPHONEOS_DEPLOYMENT_TARGET = 16.0;
				LD_RUNPATH_SEARCH_PATHS = (
					"$(inherited)",
					"@executable_path/Frameworks",
				);
				MARKETING_VERSION = 1.0;
				PRODUCT_BUNDLE_IDENTIFIER = com.ailin.ai.tech;
				PRODUCT_NAME = "$(TARGET_NAME)";
				SUPPORTED_PLATFORMS = "iphoneos iphonesimulator";
				SUPPORTS_MACCATALYST = NO;
				SUPPORTS_MAC_DESIGNED_FOR_IPHONE_IPAD = NO;
				SWIFT_EMIT_LOC_STRINGS = YES;
				SWIFT_VERSION = 5.0;
				TARGETED_DEVICE_FAMILY = 1;
			};
			name = Release;
		};
		ECA98CE429B37249008DDFED /* Debug */ = {
			isa = XCBuildConfiguration;
			buildSettings = {
				ALWAYS_EMBED_SWIFT_STANDARD_LIBRARIES = YES;
				BUNDLE_LOADER = "$(TEST_HOST)";
				CODE_SIGN_STYLE = Automatic;
				CURRENT_PROJECT_VERSION = 1;
				GENERATE_INFOPLIST_FILE = YES;
				INFOPLIST_FILE = "bot-teacherTests-Info.plist";
				INFOPLIST_KEY_NSMicrophoneUsageDescription = "";
				INFOPLIST_KEY_NSSpeechRecognitionUsageDescription = "";
				IPHONEOS_DEPLOYMENT_TARGET = 16.2;
				MARKETING_VERSION = 1.0;
				PRODUCT_BUNDLE_IDENTIFIER = "toy.bot-teacherTests";
				PRODUCT_NAME = "$(TARGET_NAME)";
				SWIFT_EMIT_LOC_STRINGS = NO;
				SWIFT_VERSION = 5.0;
				TARGETED_DEVICE_FAMILY = "1,2";
				TEST_HOST = "$(BUILT_PRODUCTS_DIR)/bot_teacher.app/$(BUNDLE_EXECUTABLE_FOLDER_PATH)/bot_teacher";
			};
			name = Debug;
		};
		ECA98CE529B37249008DDFED /* Release */ = {
			isa = XCBuildConfiguration;
			buildSettings = {
				ALWAYS_EMBED_SWIFT_STANDARD_LIBRARIES = YES;
				BUNDLE_LOADER = "$(TEST_HOST)";
				CODE_SIGN_STYLE = Automatic;
				CURRENT_PROJECT_VERSION = 1;
				GENERATE_INFOPLIST_FILE = YES;
				INFOPLIST_FILE = "bot-teacherTests-Info.plist";
				INFOPLIST_KEY_NSMicrophoneUsageDescription = "";
				INFOPLIST_KEY_NSSpeechRecognitionUsageDescription = "";
				IPHONEOS_DEPLOYMENT_TARGET = 16.2;
				MARKETING_VERSION = 1.0;
				PRODUCT_BUNDLE_IDENTIFIER = "toy.bot-teacherTests";
				PRODUCT_NAME = "$(TARGET_NAME)";
				SWIFT_EMIT_LOC_STRINGS = NO;
				SWIFT_VERSION = 5.0;
				TARGETED_DEVICE_FAMILY = "1,2";
				TEST_HOST = "$(BUILT_PRODUCTS_DIR)/bot_teacher.app/$(BUNDLE_EXECUTABLE_FOLDER_PATH)/bot_teacher";
			};
			name = Release;
		};
		ECA98CE729B37249008DDFED /* Debug */ = {
			isa = XCBuildConfiguration;
			buildSettings = {
				ALWAYS_EMBED_SWIFT_STANDARD_LIBRARIES = YES;
				CODE_SIGN_STYLE = Automatic;
				CURRENT_PROJECT_VERSION = 1;
				GENERATE_INFOPLIST_FILE = YES;
				MARKETING_VERSION = 1.0;
				PRODUCT_BUNDLE_IDENTIFIER = "toy.bot-teacherUITests";
				PRODUCT_NAME = "$(TARGET_NAME)";
				SWIFT_EMIT_LOC_STRINGS = NO;
				SWIFT_VERSION = 5.0;
				TARGETED_DEVICE_FAMILY = "1,2";
				TEST_TARGET_NAME = bot_teacher;
			};
			name = Debug;
		};
		ECA98CE829B37249008DDFED /* Release */ = {
			isa = XCBuildConfiguration;
			buildSettings = {
				ALWAYS_EMBED_SWIFT_STANDARD_LIBRARIES = YES;
				CODE_SIGN_STYLE = Automatic;
				CURRENT_PROJECT_VERSION = 1;
				GENERATE_INFOPLIST_FILE = YES;
				MARKETING_VERSION = 1.0;
				PRODUCT_BUNDLE_IDENTIFIER = "toy.bot-teacherUITests";
				PRODUCT_NAME = "$(TARGET_NAME)";
				SWIFT_EMIT_LOC_STRINGS = NO;
				SWIFT_VERSION = 5.0;
				TARGETED_DEVICE_FAMILY = "1,2";
				TEST_TARGET_NAME = bot_teacher;
			};
			name = Release;
		};
/* End XCBuildConfiguration section */

/* Begin XCConfigurationList section */
		ECA98CB129B37248008DDFED /* Build configuration list for PBXProject "bot_teacher" */ = {
			isa = XCConfigurationList;
			buildConfigurations = (
				ECA98CDE29B37249008DDFED /* Debug */,
				ECA98CDF29B37249008DDFED /* Release */,
			);
			defaultConfigurationIsVisible = 0;
			defaultConfigurationName = Release;
		};
		ECA98CE029B37249008DDFED /* Build configuration list for PBXNativeTarget "bot_teacher" */ = {
			isa = XCConfigurationList;
			buildConfigurations = (
				ECA98CE129B37249008DDFED /* Debug */,
				ECA98CE229B37249008DDFED /* Release */,
			);
			defaultConfigurationIsVisible = 0;
			defaultConfigurationName = Release;
		};
		ECA98CE329B37249008DDFED /* Build configuration list for PBXNativeTarget "bot_teacherTests" */ = {
			isa = XCConfigurationList;
			buildConfigurations = (
				ECA98CE429B37249008DDFED /* Debug */,
				ECA98CE529B37249008DDFED /* Release */,
			);
			defaultConfigurationIsVisible = 0;
			defaultConfigurationName = Release;
		};
		ECA98CE629B37249008DDFED /* Build configuration list for PBXNativeTarget "bot_teacherUITests" */ = {
			isa = XCConfigurationList;
			buildConfigurations = (
				ECA98CE729B37249008DDFED /* Debug */,
				ECA98CE829B37249008DDFED /* Release */,
			);
			defaultConfigurationIsVisible = 0;
			defaultConfigurationName = Release;
		};
/* End XCConfigurationList section */

/* Begin XCRemoteSwiftPackageReference section */
		EC61446729C3695100CDF540 /* XCRemoteSwiftPackageReference "firebase-ios-sdk" */ = {
			isa = XCRemoteSwiftPackageReference;
			repositoryURL = "https://github.com/firebase/firebase-ios-sdk";
			requirement = {
				kind = upToNextMajorVersion;
				minimumVersion = 9.0.0;
			};
		};
		EC61447D29C45D0D00CDF540 /* XCRemoteSwiftPackageReference "GoogleSignIn-iOS" */ = {
			isa = XCRemoteSwiftPackageReference;
			repositoryURL = "https://github.com/google/GoogleSignIn-iOS.git";
			requirement = {
				kind = upToNextMajorVersion;
				minimumVersion = 7.0.0;
			};
		};
		EC6144B229D705A600CDF540 /* XCRemoteSwiftPackageReference "Alamofire" */ = {
			isa = XCRemoteSwiftPackageReference;
			repositoryURL = "https://github.com/Alamofire/Alamofire.git";
			requirement = {
				kind = upToNextMajorVersion;
				minimumVersion = 5.0.0;
			};
		};
/* End XCRemoteSwiftPackageReference section */

/* Begin XCSwiftPackageProductDependency section */
		EC61446829C3695100CDF540 /* FirebaseAnalytics */ = {
			isa = XCSwiftPackageProductDependency;
			package = EC61446729C3695100CDF540 /* XCRemoteSwiftPackageReference "firebase-ios-sdk" */;
			productName = FirebaseAnalytics;
		};
		EC61446A29C3695100CDF540 /* FirebaseAnalyticsSwift */ = {
			isa = XCSwiftPackageProductDependency;
			package = EC61446729C3695100CDF540 /* XCRemoteSwiftPackageReference "firebase-ios-sdk" */;
			productName = FirebaseAnalyticsSwift;
		};
		EC61446C29C3695100CDF540 /* FirebaseAuth */ = {
			isa = XCSwiftPackageProductDependency;
			package = EC61446729C3695100CDF540 /* XCRemoteSwiftPackageReference "firebase-ios-sdk" */;
			productName = FirebaseAuth;
		};
		EC61446E29C3695100CDF540 /* FirebaseDatabase */ = {
			isa = XCSwiftPackageProductDependency;
			package = EC61446729C3695100CDF540 /* XCRemoteSwiftPackageReference "firebase-ios-sdk" */;
			productName = FirebaseDatabase;
		};
		EC61447029C3695100CDF540 /* FirebaseDatabaseSwift */ = {
			isa = XCSwiftPackageProductDependency;
			package = EC61446729C3695100CDF540 /* XCRemoteSwiftPackageReference "firebase-ios-sdk" */;
			productName = FirebaseDatabaseSwift;
		};
		EC61447229C3695100CDF540 /* FirebaseStorage */ = {
			isa = XCSwiftPackageProductDependency;
			package = EC61446729C3695100CDF540 /* XCRemoteSwiftPackageReference "firebase-ios-sdk" */;
			productName = FirebaseStorage;
		};
		EC61447429C3695100CDF540 /* FirebaseStorageCombine-Community */ = {
			isa = XCSwiftPackageProductDependency;
			package = EC61446729C3695100CDF540 /* XCRemoteSwiftPackageReference "firebase-ios-sdk" */;
			productName = "FirebaseStorageCombine-Community";
		};
		EC61447E29C45D0D00CDF540 /* GoogleSignIn */ = {
			isa = XCSwiftPackageProductDependency;
			package = EC61447D29C45D0D00CDF540 /* XCRemoteSwiftPackageReference "GoogleSignIn-iOS" */;
			productName = GoogleSignIn;
		};
		EC61448029C45D0D00CDF540 /* GoogleSignInSwift */ = {
			isa = XCSwiftPackageProductDependency;
			package = EC61447D29C45D0D00CDF540 /* XCRemoteSwiftPackageReference "GoogleSignIn-iOS" */;
			productName = GoogleSignInSwift;
		};
		EC61449C29C4A70100CDF540 /* FirebaseFirestore */ = {
			isa = XCSwiftPackageProductDependency;
			package = EC61446729C3695100CDF540 /* XCRemoteSwiftPackageReference "firebase-ios-sdk" */;
			productName = FirebaseFirestore;
		};
		EC61449E29C4A70800CDF540 /* FirebaseFirestoreSwift */ = {
			isa = XCSwiftPackageProductDependency;
			package = EC61446729C3695100CDF540 /* XCRemoteSwiftPackageReference "firebase-ios-sdk" */;
			productName = FirebaseFirestoreSwift;
		};
		EC6144B329D705A600CDF540 /* Alamofire */ = {
			isa = XCSwiftPackageProductDependency;
			package = EC6144B229D705A600CDF540 /* XCRemoteSwiftPackageReference "Alamofire" */;
			productName = Alamofire;
		};
/* End XCSwiftPackageProductDependency section */
	};
	rootObject = ECA98CAE29B37248008DDFED /* Project object */;
}
